// !$*UTF8*$!
{
	archiveVersion = 1;
	classes = {
	};
	objectVersion = 56;
	objects = {

/* Begin PBXBuildFile section */
		0208A11B29CEEF8700905755 /* ArmenianLayoutProvider.swift in Sources */ = {isa = PBXBuildFile; fileRef = 0208A11A29CEEF8700905755 /* ArmenianLayoutProvider.swift */; };
		0208A11D29CEF20E00905755 /* ArmenianInputSetProvider.swift in Sources */ = {isa = PBXBuildFile; fileRef = 0208A11C29CEF20E00905755 /* ArmenianInputSetProvider.swift */; };
		0218B21E29DB63D90073A853 /* ArmenianActionHandler.swift in Sources */ = {isa = PBXBuildFile; fileRef = 0218B21D29DB63D90073A853 /* ArmenianActionHandler.swift */; };
		022D42E029CE69C5000F71B1 /* hayatarApp.swift in Sources */ = {isa = PBXBuildFile; fileRef = 022D42DF29CE69C5000F71B1 /* hayatarApp.swift */; };
		022D42E229CE69C5000F71B1 /* ContentView.swift in Sources */ = {isa = PBXBuildFile; fileRef = 022D42E129CE69C5000F71B1 /* ContentView.swift */; };
		022D42E429CE69C6000F71B1 /* Assets.xcassets in Resources */ = {isa = PBXBuildFile; fileRef = 022D42E329CE69C6000F71B1 /* Assets.xcassets */; };
		022D42E729CE69C6000F71B1 /* Preview Assets.xcassets in Resources */ = {isa = PBXBuildFile; fileRef = 022D42E629CE69C6000F71B1 /* Preview Assets.xcassets */; };
		022D42F429CE6A3A000F71B1 /* KeyboardViewController.swift in Sources */ = {isa = PBXBuildFile; fileRef = 022D42F329CE6A3A000F71B1 /* KeyboardViewController.swift */; };
		022D42F829CE6A3A000F71B1 /* Armenian.appex in Embed Foundation Extensions */ = {isa = PBXBuildFile; fileRef = 022D42F129CE6A39000F71B1 /* Armenian.appex */; settings = {ATTRIBUTES = (RemoveHeadersOnCopy, ); }; };
		022D42FF29CE6DED000F71B1 /* KeyboardKit in Frameworks */ = {isa = PBXBuildFile; productRef = 022D42FE29CE6DED000F71B1 /* KeyboardKit */; };
		0256824B29DB9D44004BD8D6 /* KeyboardFeedback.swift in Sources */ = {isa = PBXBuildFile; fileRef = 0256824A29DB9D44004BD8D6 /* KeyboardFeedback.swift */; };
		0288C5F829D3518500AF6638 /* ArmenianCalloutProvider.swift in Sources */ = {isa = PBXBuildFile; fileRef = 0288C5F729D3518500AF6638 /* ArmenianCalloutProvider.swift */; };
		02EE058A29D877C200C7752D /* README.md in Resources */ = {isa = PBXBuildFile; fileRef = 02EE058929D877C200C7752D /* README.md */; };
		02EE058C29D8B84500C7752D /* Extensions.swift in Sources */ = {isa = PBXBuildFile; fileRef = 02EE058B29D8B84500C7752D /* Extensions.swift */; };
/* End PBXBuildFile section */

/* Begin PBXContainerItemProxy section */
		022D42F629CE6A3A000F71B1 /* PBXContainerItemProxy */ = {
			isa = PBXContainerItemProxy;
			containerPortal = 022D42D429CE69C5000F71B1 /* Project object */;
			proxyType = 1;
			remoteGlobalIDString = 022D42F029CE6A39000F71B1;
			remoteInfo = Armenian;
		};
/* End PBXContainerItemProxy section */

/* Begin PBXCopyFilesBuildPhase section */
		022D42FC29CE6A3A000F71B1 /* Embed Foundation Extensions */ = {
			isa = PBXCopyFilesBuildPhase;
			buildActionMask = 2147483647;
			dstPath = "";
			dstSubfolderSpec = 13;
			files = (
				022D42F829CE6A3A000F71B1 /* Armenian.appex in Embed Foundation Extensions */,
			);
			name = "Embed Foundation Extensions";
			runOnlyForDeploymentPostprocessing = 0;
		};
/* End PBXCopyFilesBuildPhase section */

/* Begin PBXFileReference section */
		0208A11A29CEEF8700905755 /* ArmenianLayoutProvider.swift */ = {isa = PBXFileReference; lastKnownFileType = sourcecode.swift; path = ArmenianLayoutProvider.swift; sourceTree = "<group>"; };
		0208A11C29CEF20E00905755 /* ArmenianInputSetProvider.swift */ = {isa = PBXFileReference; lastKnownFileType = sourcecode.swift; path = ArmenianInputSetProvider.swift; sourceTree = "<group>"; };
		0218B21D29DB63D90073A853 /* ArmenianActionHandler.swift */ = {isa = PBXFileReference; lastKnownFileType = sourcecode.swift; path = ArmenianActionHandler.swift; sourceTree = "<group>"; };
		022D42DC29CE69C5000F71B1 /* hayatar.app */ = {isa = PBXFileReference; explicitFileType = wrapper.application; includeInIndex = 0; path = hayatar.app; sourceTree = BUILT_PRODUCTS_DIR; };
		022D42DF29CE69C5000F71B1 /* hayatarApp.swift */ = {isa = PBXFileReference; lastKnownFileType = sourcecode.swift; path = hayatarApp.swift; sourceTree = "<group>"; };
		022D42E129CE69C5000F71B1 /* ContentView.swift */ = {isa = PBXFileReference; lastKnownFileType = sourcecode.swift; path = ContentView.swift; sourceTree = "<group>"; };
		022D42E329CE69C6000F71B1 /* Assets.xcassets */ = {isa = PBXFileReference; lastKnownFileType = folder.assetcatalog; path = Assets.xcassets; sourceTree = "<group>"; };
		022D42E629CE69C6000F71B1 /* Preview Assets.xcassets */ = {isa = PBXFileReference; lastKnownFileType = folder.assetcatalog; path = "Preview Assets.xcassets"; sourceTree = "<group>"; };
		022D42F129CE6A39000F71B1 /* Armenian.appex */ = {isa = PBXFileReference; explicitFileType = "wrapper.app-extension"; includeInIndex = 0; path = Armenian.appex; sourceTree = BUILT_PRODUCTS_DIR; };
		022D42F329CE6A3A000F71B1 /* KeyboardViewController.swift */ = {isa = PBXFileReference; lastKnownFileType = sourcecode.swift; path = KeyboardViewController.swift; sourceTree = "<group>"; };
		022D42F529CE6A3A000F71B1 /* Info.plist */ = {isa = PBXFileReference; lastKnownFileType = text.plist.xml; path = Info.plist; sourceTree = "<group>"; };
		0256824A29DB9D44004BD8D6 /* KeyboardFeedback.swift */ = {isa = PBXFileReference; lastKnownFileType = sourcecode.swift; path = KeyboardFeedback.swift; sourceTree = "<group>"; };
		0288C5F729D3518500AF6638 /* ArmenianCalloutProvider.swift */ = {isa = PBXFileReference; lastKnownFileType = sourcecode.swift; path = ArmenianCalloutProvider.swift; sourceTree = "<group>"; };
		02D494BB29D5F1C000C1D087 /* Info.plist */ = {isa = PBXFileReference; lastKnownFileType = text.plist; path = Info.plist; sourceTree = "<group>"; };
		02EE058929D877C200C7752D /* README.md */ = {isa = PBXFileReference; fileEncoding = 4; lastKnownFileType = net.daringfireball.markdown; path = README.md; sourceTree = SOURCE_ROOT; };
		02EE058B29D8B84500C7752D /* Extensions.swift */ = {isa = PBXFileReference; lastKnownFileType = sourcecode.swift; path = Extensions.swift; sourceTree = "<group>"; };
		02EE490429DCC375003DDDD8 /* hayatar.entitlements */ = {isa = PBXFileReference; lastKnownFileType = text.plist.entitlements; path = hayatar.entitlements; sourceTree = "<group>"; };
		02EE490529DCC39B003DDDD8 /* Armenian.entitlements */ = {isa = PBXFileReference; lastKnownFileType = text.plist.entitlements; path = Armenian.entitlements; sourceTree = "<group>"; };
/* End PBXFileReference section */

/* Begin PBXFrameworksBuildPhase section */
		022D42D929CE69C5000F71B1 /* Frameworks */ = {
			isa = PBXFrameworksBuildPhase;
			buildActionMask = 2147483647;
			files = (
			);
			runOnlyForDeploymentPostprocessing = 0;
		};
		022D42EE29CE6A39000F71B1 /* Frameworks */ = {
			isa = PBXFrameworksBuildPhase;
			buildActionMask = 2147483647;
			files = (
				022D42FF29CE6DED000F71B1 /* KeyboardKit in Frameworks */,
			);
			runOnlyForDeploymentPostprocessing = 0;
		};
/* End PBXFrameworksBuildPhase section */

/* Begin PBXGroup section */
		022D42D329CE69C5000F71B1 = {
			isa = PBXGroup;
			children = (
				022D42DE29CE69C5000F71B1 /* hayatar */,
				022D42F229CE6A3A000F71B1 /* Armenian */,
				022D42DD29CE69C5000F71B1 /* Products */,
			);
			sourceTree = "<group>";
		};
		022D42DD29CE69C5000F71B1 /* Products */ = {
			isa = PBXGroup;
			children = (
				022D42DC29CE69C5000F71B1 /* hayatar.app */,
				022D42F129CE6A39000F71B1 /* Armenian.appex */,
			);
			name = Products;
			sourceTree = "<group>";
		};
		022D42DE29CE69C5000F71B1 /* hayatar */ = {
			isa = PBXGroup;
			children = (
				02EE490429DCC375003DDDD8 /* hayatar.entitlements */,
				02D494BB29D5F1C000C1D087 /* Info.plist */,
				022D42DF29CE69C5000F71B1 /* hayatarApp.swift */,
				022D42E129CE69C5000F71B1 /* ContentView.swift */,
				022D42E329CE69C6000F71B1 /* Assets.xcassets */,
				022D42E529CE69C6000F71B1 /* Preview Content */,
			);
			path = hayatar;
			sourceTree = "<group>";
		};
		022D42E529CE69C6000F71B1 /* Preview Content */ = {
			isa = PBXGroup;
			children = (
				022D42E629CE69C6000F71B1 /* Preview Assets.xcassets */,
			);
			path = "Preview Content";
			sourceTree = "<group>";
		};
		022D42F229CE6A3A000F71B1 /* Armenian */ = {
			isa = PBXGroup;
			children = (
				02EE490529DCC39B003DDDD8 /* Armenian.entitlements */,
				02EE058929D877C200C7752D /* README.md */,
				022D42F329CE6A3A000F71B1 /* KeyboardViewController.swift */,
				0208A11A29CEEF8700905755 /* ArmenianLayoutProvider.swift */,
				0208A11C29CEF20E00905755 /* ArmenianInputSetProvider.swift */,
				022D42F529CE6A3A000F71B1 /* Info.plist */,
				0288C5F729D3518500AF6638 /* ArmenianCalloutProvider.swift */,
				02EE058B29D8B84500C7752D /* Extensions.swift */,
				0218B21D29DB63D90073A853 /* ArmenianActionHandler.swift */,
				0256824A29DB9D44004BD8D6 /* KeyboardFeedback.swift */,
			);
			path = Armenian;
			sourceTree = "<group>";
		};
/* End PBXGroup section */

/* Begin PBXNativeTarget section */
		022D42DB29CE69C5000F71B1 /* hayatar */ = {
			isa = PBXNativeTarget;
			buildConfigurationList = 022D42EA29CE69C6000F71B1 /* Build configuration list for PBXNativeTarget "hayatar" */;
			buildPhases = (
				022D42D829CE69C5000F71B1 /* Sources */,
				022D42D929CE69C5000F71B1 /* Frameworks */,
				022D42DA29CE69C5000F71B1 /* Resources */,
				022D42FC29CE6A3A000F71B1 /* Embed Foundation Extensions */,
			);
			buildRules = (
			);
			dependencies = (
				022D42F729CE6A3A000F71B1 /* PBXTargetDependency */,
			);
			name = hayatar;
			productName = hayatar;
			productReference = 022D42DC29CE69C5000F71B1 /* hayatar.app */;
			productType = "com.apple.product-type.application";
		};
		022D42F029CE6A39000F71B1 /* Armenian */ = {
			isa = PBXNativeTarget;
			buildConfigurationList = 022D42F929CE6A3A000F71B1 /* Build configuration list for PBXNativeTarget "Armenian" */;
			buildPhases = (
				022D42ED29CE6A39000F71B1 /* Sources */,
				022D42EE29CE6A39000F71B1 /* Frameworks */,
				022D42EF29CE6A39000F71B1 /* Resources */,
			);
			buildRules = (
			);
			dependencies = (
			);
			name = Armenian;
			packageProductDependencies = (
				022D42FE29CE6DED000F71B1 /* KeyboardKit */,
			);
			productName = Armenian;
			productReference = 022D42F129CE6A39000F71B1 /* Armenian.appex */;
			productType = "com.apple.product-type.app-extension";
		};
/* End PBXNativeTarget section */

/* Begin PBXProject section */
		022D42D429CE69C5000F71B1 /* Project object */ = {
			isa = PBXProject;
			attributes = {
				BuildIndependentTargetsInParallel = 1;
				LastSwiftUpdateCheck = 1420;
				LastUpgradeCheck = 1420;
				TargetAttributes = {
					022D42DB29CE69C5000F71B1 = {
						CreatedOnToolsVersion = 14.2;
					};
					022D42F029CE6A39000F71B1 = {
						CreatedOnToolsVersion = 14.2;
					};
				};
			};
			buildConfigurationList = 022D42D729CE69C5000F71B1 /* Build configuration list for PBXProject "hayatar" */;
			compatibilityVersion = "Xcode 14.0";
			developmentRegion = en;
			hasScannedForEncodings = 0;
			knownRegions = (
				en,
				Base,
			);
			mainGroup = 022D42D329CE69C5000F71B1;
			packageReferences = (
				022D42FD29CE6DED000F71B1 /* XCRemoteSwiftPackageReference "KeyboardKit" */,
			);
			productRefGroup = 022D42DD29CE69C5000F71B1 /* Products */;
			projectDirPath = "";
			projectRoot = "";
			targets = (
				022D42DB29CE69C5000F71B1 /* hayatar */,
				022D42F029CE6A39000F71B1 /* Armenian */,
			);
		};
/* End PBXProject section */

/* Begin PBXResourcesBuildPhase section */
		022D42DA29CE69C5000F71B1 /* Resources */ = {
			isa = PBXResourcesBuildPhase;
			buildActionMask = 2147483647;
			files = (
				02EE058A29D877C200C7752D /* README.md in Resources */,
				022D42E729CE69C6000F71B1 /* Preview Assets.xcassets in Resources */,
				022D42E429CE69C6000F71B1 /* Assets.xcassets in Resources */,
			);
			runOnlyForDeploymentPostprocessing = 0;
		};
		022D42EF29CE6A39000F71B1 /* Resources */ = {
			isa = PBXResourcesBuildPhase;
			buildActionMask = 2147483647;
			files = (
			);
			runOnlyForDeploymentPostprocessing = 0;
		};
/* End PBXResourcesBuildPhase section */

/* Begin PBXSourcesBuildPhase section */
		022D42D829CE69C5000F71B1 /* Sources */ = {
			isa = PBXSourcesBuildPhase;
			buildActionMask = 2147483647;
			files = (
				022D42E229CE69C5000F71B1 /* ContentView.swift in Sources */,
				022D42E029CE69C5000F71B1 /* hayatarApp.swift in Sources */,
			);
			runOnlyForDeploymentPostprocessing = 0;
		};
		022D42ED29CE6A39000F71B1 /* Sources */ = {
			isa = PBXSourcesBuildPhase;
			buildActionMask = 2147483647;
			files = (
				02EE058C29D8B84500C7752D /* Extensions.swift in Sources */,
				0208A11B29CEEF8700905755 /* ArmenianLayoutProvider.swift in Sources */,
				022D42F429CE6A3A000F71B1 /* KeyboardViewController.swift in Sources */,
				0218B21E29DB63D90073A853 /* ArmenianActionHandler.swift in Sources */,
				0288C5F829D3518500AF6638 /* ArmenianCalloutProvider.swift in Sources */,
				0256824B29DB9D44004BD8D6 /* KeyboardFeedback.swift in Sources */,
				0208A11D29CEF20E00905755 /* ArmenianInputSetProvider.swift in Sources */,
			);
			runOnlyForDeploymentPostprocessing = 0;
		};
/* End PBXSourcesBuildPhase section */

/* Begin PBXTargetDependency section */
		022D42F729CE6A3A000F71B1 /* PBXTargetDependency */ = {
			isa = PBXTargetDependency;
			target = 022D42F029CE6A39000F71B1 /* Armenian */;
			targetProxy = 022D42F629CE6A3A000F71B1 /* PBXContainerItemProxy */;
		};
/* End PBXTargetDependency section */

/* Begin XCBuildConfiguration section */
		022D42E829CE69C6000F71B1 /* Debug */ = {
			isa = XCBuildConfiguration;
			buildSettings = {
				ALWAYS_SEARCH_USER_PATHS = NO;
				CLANG_ANALYZER_NONNULL = YES;
				CLANG_ANALYZER_NUMBER_OBJECT_CONVERSION = YES_AGGRESSIVE;
				CLANG_CXX_LANGUAGE_STANDARD = "gnu++20";
				CLANG_ENABLE_MODULES = YES;
				CLANG_ENABLE_OBJC_ARC = YES;
				CLANG_ENABLE_OBJC_WEAK = YES;
				CLANG_WARN_BLOCK_CAPTURE_AUTORELEASING = YES;
				CLANG_WARN_BOOL_CONVERSION = YES;
				CLANG_WARN_COMMA = YES;
				CLANG_WARN_CONSTANT_CONVERSION = YES;
				CLANG_WARN_DEPRECATED_OBJC_IMPLEMENTATIONS = YES;
				CLANG_WARN_DIRECT_OBJC_ISA_USAGE = YES_ERROR;
				CLANG_WARN_DOCUMENTATION_COMMENTS = YES;
				CLANG_WARN_EMPTY_BODY = YES;
				CLANG_WARN_ENUM_CONVERSION = YES;
				CLANG_WARN_INFINITE_RECURSION = YES;
				CLANG_WARN_INT_CONVERSION = YES;
				CLANG_WARN_NON_LITERAL_NULL_CONVERSION = YES;
				CLANG_WARN_OBJC_IMPLICIT_RETAIN_SELF = YES;
				CLANG_WARN_OBJC_LITERAL_CONVERSION = YES;
				CLANG_WARN_OBJC_ROOT_CLASS = YES_ERROR;
				CLANG_WARN_QUOTED_INCLUDE_IN_FRAMEWORK_HEADER = YES;
				CLANG_WARN_RANGE_LOOP_ANALYSIS = YES;
				CLANG_WARN_STRICT_PROTOTYPES = YES;
				CLANG_WARN_SUSPICIOUS_MOVE = YES;
				CLANG_WARN_UNGUARDED_AVAILABILITY = YES_AGGRESSIVE;
				CLANG_WARN_UNREACHABLE_CODE = YES;
				CLANG_WARN__DUPLICATE_METHOD_MATCH = YES;
				COPY_PHASE_STRIP = NO;
				DEBUG_INFORMATION_FORMAT = dwarf;
				ENABLE_STRICT_OBJC_MSGSEND = YES;
				ENABLE_TESTABILITY = YES;
				GCC_C_LANGUAGE_STANDARD = gnu11;
				GCC_DYNAMIC_NO_PIC = NO;
				GCC_NO_COMMON_BLOCKS = YES;
				GCC_OPTIMIZATION_LEVEL = 0;
				GCC_PREPROCESSOR_DEFINITIONS = (
					"DEBUG=1",
					"$(inherited)",
				);
				GCC_WARN_64_TO_32_BIT_CONVERSION = YES;
				GCC_WARN_ABOUT_RETURN_TYPE = YES_ERROR;
				GCC_WARN_UNDECLARED_SELECTOR = YES;
				GCC_WARN_UNINITIALIZED_AUTOS = YES_AGGRESSIVE;
				GCC_WARN_UNUSED_FUNCTION = YES;
				GCC_WARN_UNUSED_VARIABLE = YES;
				IPHONEOS_DEPLOYMENT_TARGET = 16.2;
				MTL_ENABLE_DEBUG_INFO = INCLUDE_SOURCE;
				MTL_FAST_MATH = YES;
				ONLY_ACTIVE_ARCH = YES;
				SDKROOT = iphoneos;
				SWIFT_ACTIVE_COMPILATION_CONDITIONS = DEBUG;
				SWIFT_OPTIMIZATION_LEVEL = "-Onone";
			};
			name = Debug;
		};
		022D42E929CE69C6000F71B1 /* Release */ = {
			isa = XCBuildConfiguration;
			buildSettings = {
				ALWAYS_SEARCH_USER_PATHS = NO;
				CLANG_ANALYZER_NONNULL = YES;
				CLANG_ANALYZER_NUMBER_OBJECT_CONVERSION = YES_AGGRESSIVE;
				CLANG_CXX_LANGUAGE_STANDARD = "gnu++20";
				CLANG_ENABLE_MODULES = YES;
				CLANG_ENABLE_OBJC_ARC = YES;
				CLANG_ENABLE_OBJC_WEAK = YES;
				CLANG_WARN_BLOCK_CAPTURE_AUTORELEASING = YES;
				CLANG_WARN_BOOL_CONVERSION = YES;
				CLANG_WARN_COMMA = YES;
				CLANG_WARN_CONSTANT_CONVERSION = YES;
				CLANG_WARN_DEPRECATED_OBJC_IMPLEMENTATIONS = YES;
				CLANG_WARN_DIRECT_OBJC_ISA_USAGE = YES_ERROR;
				CLANG_WARN_DOCUMENTATION_COMMENTS = YES;
				CLANG_WARN_EMPTY_BODY = YES;
				CLANG_WARN_ENUM_CONVERSION = YES;
				CLANG_WARN_INFINITE_RECURSION = YES;
				CLANG_WARN_INT_CONVERSION = YES;
				CLANG_WARN_NON_LITERAL_NULL_CONVERSION = YES;
				CLANG_WARN_OBJC_IMPLICIT_RETAIN_SELF = YES;
				CLANG_WARN_OBJC_LITERAL_CONVERSION = YES;
				CLANG_WARN_OBJC_ROOT_CLASS = YES_ERROR;
				CLANG_WARN_QUOTED_INCLUDE_IN_FRAMEWORK_HEADER = YES;
				CLANG_WARN_RANGE_LOOP_ANALYSIS = YES;
				CLANG_WARN_STRICT_PROTOTYPES = YES;
				CLANG_WARN_SUSPICIOUS_MOVE = YES;
				CLANG_WARN_UNGUARDED_AVAILABILITY = YES_AGGRESSIVE;
				CLANG_WARN_UNREACHABLE_CODE = YES;
				CLANG_WARN__DUPLICATE_METHOD_MATCH = YES;
				COPY_PHASE_STRIP = NO;
				DEBUG_INFORMATION_FORMAT = "dwarf-with-dsym";
				ENABLE_NS_ASSERTIONS = NO;
				ENABLE_STRICT_OBJC_MSGSEND = YES;
				GCC_C_LANGUAGE_STANDARD = gnu11;
				GCC_NO_COMMON_BLOCKS = YES;
				GCC_WARN_64_TO_32_BIT_CONVERSION = YES;
				GCC_WARN_ABOUT_RETURN_TYPE = YES_ERROR;
				GCC_WARN_UNDECLARED_SELECTOR = YES;
				GCC_WARN_UNINITIALIZED_AUTOS = YES_AGGRESSIVE;
				GCC_WARN_UNUSED_FUNCTION = YES;
				GCC_WARN_UNUSED_VARIABLE = YES;
				IPHONEOS_DEPLOYMENT_TARGET = 16.2;
				MTL_ENABLE_DEBUG_INFO = NO;
				MTL_FAST_MATH = YES;
				SDKROOT = iphoneos;
				SWIFT_COMPILATION_MODE = wholemodule;
				SWIFT_OPTIMIZATION_LEVEL = "-O";
				VALIDATE_PRODUCT = YES;
			};
			name = Release;
		};
		022D42EB29CE69C6000F71B1 /* Debug */ = {
			isa = XCBuildConfiguration;
			buildSettings = {
				ALWAYS_EMBED_SWIFT_STANDARD_LIBRARIES = YES;
				ASSETCATALOG_COMPILER_APPICON_NAME = AppIcon;
				ASSETCATALOG_COMPILER_GLOBAL_ACCENT_COLOR_NAME = AccentColor;
				ASSETCATALOG_COMPILER_INCLUDE_ALL_APPICON_ASSETS = NO;
				CODE_SIGN_ENTITLEMENTS = hayatar/hayatar.entitlements;
				CODE_SIGN_STYLE = Automatic;
				CURRENT_PROJECT_VERSION = 12;
				DEVELOPMENT_ASSET_PATHS = "\"hayatar/Preview Content\"";
				DEVELOPMENT_TEAM = 82MV322Q6H;
				ENABLE_PREVIEWS = YES;
				GENERATE_INFOPLIST_FILE = YES;
				INFOPLIST_FILE = hayatar/Info.plist;
				INFOPLIST_KEY_CFBundleDisplayName = fArmenian;
				INFOPLIST_KEY_LSApplicationCategoryType = "public.app-category.utilities";
				INFOPLIST_KEY_UIApplicationSceneManifest_Generation = YES;
				INFOPLIST_KEY_UIApplicationSupportsIndirectInputEvents = YES;
				INFOPLIST_KEY_UILaunchScreen_Generation = YES;
				INFOPLIST_KEY_UISupportedInterfaceOrientations = "UIInterfaceOrientationLandscapeLeft UIInterfaceOrientationLandscapeRight UIInterfaceOrientationPortrait";
				INFOPLIST_KEY_UISupportedInterfaceOrientations_iPad = "UIInterfaceOrientationLandscapeLeft UIInterfaceOrientationLandscapeRight UIInterfaceOrientationPortrait UIInterfaceOrientationPortraitUpsideDown";
				LD_RUNPATH_SEARCH_PATHS = (
					"$(inherited)",
					"@executable_path/Frameworks",
				);
				MARKETING_VERSION = 1.0;
				PRODUCT_BUNDLE_IDENTIFIER = dev.fperson.hayatar;
				PRODUCT_NAME = "$(TARGET_NAME)";
				SWIFT_EMIT_LOC_STRINGS = YES;
				SWIFT_VERSION = 5.0;
				TARGETED_DEVICE_FAMILY = "1,2";
			};
			name = Debug;
		};
		022D42EC29CE69C6000F71B1 /* Release */ = {
			isa = XCBuildConfiguration;
			buildSettings = {
				ALWAYS_EMBED_SWIFT_STANDARD_LIBRARIES = YES;
				ASSETCATALOG_COMPILER_APPICON_NAME = AppIcon;
				ASSETCATALOG_COMPILER_GLOBAL_ACCENT_COLOR_NAME = AccentColor;
				ASSETCATALOG_COMPILER_INCLUDE_ALL_APPICON_ASSETS = NO;
				CODE_SIGN_ENTITLEMENTS = hayatar/hayatar.entitlements;
				CODE_SIGN_STYLE = Automatic;
				CURRENT_PROJECT_VERSION = 12;
				DEVELOPMENT_ASSET_PATHS = "\"hayatar/Preview Content\"";
				DEVELOPMENT_TEAM = 82MV322Q6H;
				ENABLE_PREVIEWS = YES;
				GENERATE_INFOPLIST_FILE = YES;
				INFOPLIST_FILE = hayatar/Info.plist;
				INFOPLIST_KEY_CFBundleDisplayName = fArmenian;
				INFOPLIST_KEY_LSApplicationCategoryType = "public.app-category.utilities";
				INFOPLIST_KEY_UIApplicationSceneManifest_Generation = YES;
				INFOPLIST_KEY_UIApplicationSupportsIndirectInputEvents = YES;
				INFOPLIST_KEY_UILaunchScreen_Generation = YES;
				INFOPLIST_KEY_UISupportedInterfaceOrientations = "UIInterfaceOrientationLandscapeLeft UIInterfaceOrientationLandscapeRight UIInterfaceOrientationPortrait";
				INFOPLIST_KEY_UISupportedInterfaceOrientations_iPad = "UIInterfaceOrientationLandscapeLeft UIInterfaceOrientationLandscapeRight UIInterfaceOrientationPortrait UIInterfaceOrientationPortraitUpsideDown";
				LD_RUNPATH_SEARCH_PATHS = (
					"$(inherited)",
					"@executable_path/Frameworks",
				);
				MARKETING_VERSION = 1.0;
				PRODUCT_BUNDLE_IDENTIFIER = dev.fperson.hayatar;
				PRODUCT_NAME = "$(TARGET_NAME)";
				SWIFT_EMIT_LOC_STRINGS = YES;
				SWIFT_VERSION = 5.0;
				TARGETED_DEVICE_FAMILY = "1,2";
			};
			name = Release;
		};
		022D42FA29CE6A3A000F71B1 /* Debug */ = {
			isa = XCBuildConfiguration;
			buildSettings = {
				CODE_SIGN_ENTITLEMENTS = Armenian/Armenian.entitlements;
				CODE_SIGN_STYLE = Automatic;
				CURRENT_PROJECT_VERSION = 3;
				DEVELOPMENT_TEAM = 82MV322Q6H;
				GENERATE_INFOPLIST_FILE = YES;
				INFOPLIST_FILE = Armenian/Info.plist;
				INFOPLIST_KEY_CFBundleDisplayName = Armenian;
				INFOPLIST_KEY_NSHumanReadableCopyright = "";
				LD_RUNPATH_SEARCH_PATHS = (
					"$(inherited)",
					"@executable_path/Frameworks",
					"@executable_path/../../Frameworks",
				);
				MARKETING_VERSION = 1.0;
				PRODUCT_BUNDLE_IDENTIFIER = dev.fperson.hayatar.Armenian;
				PRODUCT_NAME = "$(TARGET_NAME)";
				SKIP_INSTALL = YES;
				SWIFT_EMIT_LOC_STRINGS = YES;
				SWIFT_VERSION = 5.0;
				TARGETED_DEVICE_FAMILY = "1,2";
			};
			name = Debug;
		};
		022D42FB29CE6A3A000F71B1 /* Release */ = {
			isa = XCBuildConfiguration;
			buildSettings = {
				CODE_SIGN_ENTITLEMENTS = Armenian/Armenian.entitlements;
				CODE_SIGN_STYLE = Automatic;
				CURRENT_PROJECT_VERSION = 3;
				DEVELOPMENT_TEAM = 82MV322Q6H;
				GENERATE_INFOPLIST_FILE = YES;
				INFOPLIST_FILE = Armenian/Info.plist;
				INFOPLIST_KEY_CFBundleDisplayName = Armenian;
				INFOPLIST_KEY_NSHumanReadableCopyright = "";
				LD_RUNPATH_SEARCH_PATHS = (
					"$(inherited)",
					"@executable_path/Frameworks",
					"@executable_path/../../Frameworks",
				);
				MARKETING_VERSION = 1.0;
				PRODUCT_BUNDLE_IDENTIFIER = dev.fperson.hayatar.Armenian;
				PRODUCT_NAME = "$(TARGET_NAME)";
				SKIP_INSTALL = YES;
				SWIFT_EMIT_LOC_STRINGS = YES;
				SWIFT_VERSION = 5.0;
				TARGETED_DEVICE_FAMILY = "1,2";
			};
			name = Release;
		};
/* End XCBuildConfiguration section */

/* Begin XCConfigurationList section */
		022D42D729CE69C5000F71B1 /* Build configuration list for PBXProject "hayatar" */ = {
			isa = XCConfigurationList;
			buildConfigurations = (
				022D42E829CE69C6000F71B1 /* Debug */,
				022D42E929CE69C6000F71B1 /* Release */,
			);
			defaultConfigurationIsVisible = 0;
			defaultConfigurationName = Release;
		};
		022D42EA29CE69C6000F71B1 /* Build configuration list for PBXNativeTarget "hayatar" */ = {
			isa = XCConfigurationList;
			buildConfigurations = (
				022D42EB29CE69C6000F71B1 /* Debug */,
				022D42EC29CE69C6000F71B1 /* Release */,
			);
			defaultConfigurationIsVisible = 0;
			defaultConfigurationName = Release;
		};
		022D42F929CE6A3A000F71B1 /* Build configuration list for PBXNativeTarget "Armenian" */ = {
			isa = XCConfigurationList;
			buildConfigurations = (
				022D42FA29CE6A3A000F71B1 /* Debug */,
				022D42FB29CE6A3A000F71B1 /* Release */,
			);
			defaultConfigurationIsVisible = 0;
			defaultConfigurationName = Release;
		};
/* End XCConfigurationList section */

/* Begin XCRemoteSwiftPackageReference section */
		022D42FD29CE6DED000F71B1 /* XCRemoteSwiftPackageReference "KeyboardKit" */ = {
			isa = XCRemoteSwiftPackageReference;
			repositoryURL = "https://github.com/KeyboardKit/KeyboardKit.git";
			requirement = {
				kind = upToNextMajorVersion;
				minimumVersion = 7.0.0;
			};
		};
/* End XCRemoteSwiftPackageReference section */

/* Begin XCSwiftPackageProductDependency section */
		022D42FE29CE6DED000F71B1 /* KeyboardKit */ = {
			isa = XCSwiftPackageProductDependency;
			package = 022D42FD29CE6DED000F71B1 /* XCRemoteSwiftPackageReference "KeyboardKit" */;
			productName = KeyboardKit;
		};
/* End XCSwiftPackageProductDependency section */
	};
	rootObject = 022D42D429CE69C5000F71B1 /* Project object */;
}
