// !$*UTF8*$!
{
	archiveVersion = 1;
	classes = {
	};
	objectVersion = 56;
	objects = {

/* Begin PBXBuildFile section */
		0208A11B29CEEF8700905755 /* ArmenianLayoutProvider.swift in Sources */ = {isa = PBXBuildFile; fileRef = 0208A11A29CEEF8700905755 /* ArmenianLayoutProvider.swift */; };
		0208A11D29CEF20E00905755 /* ArmenianInputSetProvider.swift in Sources */ = {isa = PBXBuildFile; fileRef = 0208A11C29CEF20E00905755 /* ArmenianInputSetProvider.swift */; };
		0218B21E29DB63D90073A853 /* ArmenianActionHandler.swift in Sources */ = {isa = PBXBuildFile; fileRef = 0218B21D29DB63D90073A853 /* ArmenianActionHandler.swift */; };
		022D42E029CE69C5000F71B1 /* hayatarApp.swift in Sources */ = {isa = PBXBuildFile; fileRef = 022D42DF29CE69C5000F71B1 /* hayatarApp.swift */; };
		022D42E229CE69C5000F71B1 /* ContentView.swift in Sources */ = {isa = PBXBuildFile; fileRef = 022D42E129CE69C5000F71B1 /* ContentView.swift */; };
		022D42E429CE69C6000F71B1 /* Assets.xcassets in Resources */ = {isa = PBXBuildFile; fileRef = 022D42E329CE69C6000F71B1 /* Assets.xcassets */; };
		022D42E729CE69C6000F71B1 /* Preview Assets.xcassets in Resources */ = {isa = PBXBuildFile; fileRef = 022D42E629CE69C6000F71B1 /* Preview Assets.xcassets */; };
		022D42F429CE6A3A000F71B1 /* KeyboardViewController.swift in Sources */ = {isa = PBXBuildFile; fileRef = 022D42F329CE6A3A000F71B1 /* KeyboardViewController.swift */; };
		022D42F829CE6A3A000F71B1 /* Armenian.appex in Embed Foundation Extensions */ = {isa = PBXBuildFile; fileRef = 022D42F129CE6A39000F71B1 /* Armenian.appex */; settings = {ATTRIBUTES = (RemoveHeadersOnCopy, ); }; };
		022D42FF29CE6DED000F71B1 /* KeyboardKit in Frameworks */ = {isa = PBXBuildFile; productRef = 022D42FE29CE6DED000F71B1 /* KeyboardKit */; };
		02485AAC29DFABCE00244E8F /* SharedDefaults.h in Headers */ = {isa = PBXBuildFile; fileRef = 02485AAB29DFABCE00244E8F /* SharedDefaults.h */; settings = {ATTRIBUTES = (Public, ); }; };
		02485AAF29DFABCE00244E8F /* SharedDefaults.framework in Frameworks */ = {isa = PBXBuildFile; fileRef = 02485AA929DFABCE00244E8F /* SharedDefaults.framework */; };
		02485AB029DFABCE00244E8F /* SharedDefaults.framework in Embed Frameworks */ = {isa = PBXBuildFile; fileRef = 02485AA929DFABCE00244E8F /* SharedDefaults.framework */; settings = {ATTRIBUTES = (CodeSignOnCopy, RemoveHeadersOnCopy, ); }; };
		02485AB629DFABF900244E8F /* SharedDefaults.framework in Frameworks */ = {isa = PBXBuildFile; fileRef = 02485AA929DFABCE00244E8F /* SharedDefaults.framework */; };
		02485ABC29DFAC2500244E8F /* SharedDefaults.swift in Sources */ = {isa = PBXBuildFile; fileRef = 02485ABB29DFAC2500244E8F /* SharedDefaults.swift */; };
		02485ABE29DFBE2500244E8F /* LabelledTextField.swift in Sources */ = {isa = PBXBuildFile; fileRef = 02485ABD29DFBE2500244E8F /* LabelledTextField.swift */; };
		02485AC029DFC06700244E8F /* ResetSettingsButton.swift in Sources */ = {isa = PBXBuildFile; fileRef = 02485ABF29DFC06700244E8F /* ResetSettingsButton.swift */; };
		02519A4329E4D7E60014B4CD /* AutocompleteProvider.swift in Sources */ = {isa = PBXBuildFile; fileRef = 02519A4229E4D7E60014B4CD /* AutocompleteProvider.swift */; };
		0256824B29DB9D44004BD8D6 /* KeyboardFeedback.swift in Sources */ = {isa = PBXBuildFile; fileRef = 0256824A29DB9D44004BD8D6 /* KeyboardFeedback.swift */; };
		025FC95A29E0FE09008B7E6B /* SyncSettingsView.swift in Sources */ = {isa = PBXBuildFile; fileRef = 025FC95929E0FE09008B7E6B /* SyncSettingsView.swift */; };
		0274E27629EAD4B500AC6CB6 /* README-hy.txt in Resources */ = {isa = PBXBuildFile; fileRef = 0274E27329EAD4B500AC6CB6 /* README-hy.txt */; };
		0274E27729EAD4B500AC6CB6 /* hy_AM.dic in Resources */ = {isa = PBXBuildFile; fileRef = 0274E27429EAD4B500AC6CB6 /* hy_AM.dic */; };
		0274E27829EAD4B500AC6CB6 /* hy_AM.aff in Resources */ = {isa = PBXBuildFile; fileRef = 0274E27529EAD4B500AC6CB6 /* hy_AM.aff */; };
		0274E27B29EB099E00AC6CB6 /* HunspellBridge.mm in Sources */ = {isa = PBXBuildFile; fileRef = 0274E27929EB099E00AC6CB6 /* HunspellBridge.mm */; };
		0274E27D29EB5DC400AC6CB6 /* Preference.swift in Sources */ = {isa = PBXBuildFile; fileRef = 0274E27C29EB5DC400AC6CB6 /* Preference.swift */; };
		0274E27F29EB632600AC6CB6 /* Storage.swift in Sources */ = {isa = PBXBuildFile; fileRef = 0274E27E29EB632500AC6CB6 /* Storage.swift */; };
		0288C5F829D3518500AF6638 /* ArmenianCalloutProvider.swift in Sources */ = {isa = PBXBuildFile; fileRef = 0288C5F729D3518500AF6638 /* ArmenianCalloutProvider.swift */; };
		02D0226D29E848EA00C34C0A /* README in Resources */ = {isa = PBXBuildFile; fileRef = 02D0223329E848E900C34C0A /* README */; };
		02D0226E29E848EA00C34C0A /* license.hunspell in Resources */ = {isa = PBXBuildFile; fileRef = 02D0223429E848E900C34C0A /* license.hunspell */; };
		02D0227029E848EA00C34C0A /* dictionary.lst in Resources */ = {isa = PBXBuildFile; fileRef = 02D0223829E848E900C34C0A /* dictionary.lst */; };
		02D0227729E848EA00C34C0A /* hunzip.mm in Sources */ = {isa = PBXBuildFile; fileRef = 02D0224529E848E900C34C0A /* hunzip.mm */; };
		02D0227829E848EA00C34C0A /* hunspell.mm in Sources */ = {isa = PBXBuildFile; fileRef = 02D0224829E848E900C34C0A /* hunspell.mm */; };
		02D0227B29E848EA00C34C0A /* SpellChecker.mm in Sources */ = {isa = PBXBuildFile; fileRef = 02D0224F29E848E900C34C0A /* SpellChecker.mm */; };
		02D0227C29E848EA00C34C0A /* hunvisapi.h.in in Resources */ = {isa = PBXBuildFile; fileRef = 02D0225029E848E900C34C0A /* hunvisapi.h.in */; };
		02D0227D29E848EA00C34C0A /* license.myspell in Resources */ = {isa = PBXBuildFile; fileRef = 02D0225129E848EA00C34C0A /* license.myspell */; };
		02D0227E29E848EA00C34C0A /* makefile.mk in Resources */ = {isa = PBXBuildFile; fileRef = 02D0225329E848EA00C34C0A /* makefile.mk */; };
		02D0228029E848EA00C34C0A /* filemgr.mm in Sources */ = {isa = PBXBuildFile; fileRef = 02D0225629E848EA00C34C0A /* filemgr.mm */; };
		02D0228329E848EA00C34C0A /* affentry.mm in Sources */ = {isa = PBXBuildFile; fileRef = 02D0225929E848EA00C34C0A /* affentry.mm */; };
		02D0228529E848EA00C34C0A /* replist.mm in Sources */ = {isa = PBXBuildFile; fileRef = 02D0225B29E848EA00C34C0A /* replist.mm */; };
		02D0228729E848EA00C34C0A /* phonet.mm in Sources */ = {isa = PBXBuildFile; fileRef = 02D0226229E848EA00C34C0A /* phonet.mm */; };
		02D0228829E848EA00C34C0A /* hunspell.dsp in Resources */ = {isa = PBXBuildFile; fileRef = 02D0226329E848EA00C34C0A /* hunspell.dsp */; };
		02D0228929E848EA00C34C0A /* affixmgr.mm in Sources */ = {isa = PBXBuildFile; fileRef = 02D0226429E848EA00C34C0A /* affixmgr.mm */; };
		02D0228A29E848EA00C34C0A /* dictmgr.mm in Sources */ = {isa = PBXBuildFile; fileRef = 02D0226529E848EA00C34C0A /* dictmgr.mm */; };
		02D0228B29E848EA00C34C0A /* csutil.mm in Sources */ = {isa = PBXBuildFile; fileRef = 02D0226629E848EA00C34C0A /* csutil.mm */; };
		02D0228D29E848EA00C34C0A /* hashmgr.mm in Sources */ = {isa = PBXBuildFile; fileRef = 02D0226929E848EA00C34C0A /* hashmgr.mm */; };
		02D0228E29E848EA00C34C0A /* suggestmgr.mm in Sources */ = {isa = PBXBuildFile; fileRef = 02D0226C29E848EA00C34C0A /* suggestmgr.mm */; };
		02EE058A29D877C200C7752D /* README.md in Resources */ = {isa = PBXBuildFile; fileRef = 02EE058929D877C200C7752D /* README.md */; };
		02EE058C29D8B84500C7752D /* Extensions.swift in Sources */ = {isa = PBXBuildFile; fileRef = 02EE058B29D8B84500C7752D /* Extensions.swift */; };
/* End PBXBuildFile section */

/* Begin PBXContainerItemProxy section */
		022D42F629CE6A3A000F71B1 /* PBXContainerItemProxy */ = {
			isa = PBXContainerItemProxy;
			containerPortal = 022D42D429CE69C5000F71B1 /* Project object */;
			proxyType = 1;
			remoteGlobalIDString = 022D42F029CE6A39000F71B1;
			remoteInfo = Armenian;
		};
		02485AAD29DFABCE00244E8F /* PBXContainerItemProxy */ = {
			isa = PBXContainerItemProxy;
			containerPortal = 022D42D429CE69C5000F71B1 /* Project object */;
			proxyType = 1;
			remoteGlobalIDString = 02485AA829DFABCE00244E8F;
			remoteInfo = SharedDefaults;
		};
		02485AB829DFABF900244E8F /* PBXContainerItemProxy */ = {
			isa = PBXContainerItemProxy;
			containerPortal = 022D42D429CE69C5000F71B1 /* Project object */;
			proxyType = 1;
			remoteGlobalIDString = 02485AA829DFABCE00244E8F;
			remoteInfo = SharedDefaults;
		};
/* End PBXContainerItemProxy section */

/* Begin PBXCopyFilesBuildPhase section */
		022D42FC29CE6A3A000F71B1 /* Embed Foundation Extensions */ = {
			isa = PBXCopyFilesBuildPhase;
			buildActionMask = 2147483647;
			dstPath = "";
			dstSubfolderSpec = 13;
			files = (
				022D42F829CE6A3A000F71B1 /* Armenian.appex in Embed Foundation Extensions */,
			);
			name = "Embed Foundation Extensions";
			runOnlyForDeploymentPostprocessing = 0;
		};
		02485AB129DFABCE00244E8F /* Embed Frameworks */ = {
			isa = PBXCopyFilesBuildPhase;
			buildActionMask = 2147483647;
			dstPath = "";
			dstSubfolderSpec = 10;
			files = (
				02485AB029DFABCE00244E8F /* SharedDefaults.framework in Embed Frameworks */,
			);
			name = "Embed Frameworks";
			runOnlyForDeploymentPostprocessing = 0;
		};
/* End PBXCopyFilesBuildPhase section */

/* Begin PBXFileReference section */
		0208A11A29CEEF8700905755 /* ArmenianLayoutProvider.swift */ = {isa = PBXFileReference; lastKnownFileType = sourcecode.swift; path = ArmenianLayoutProvider.swift; sourceTree = "<group>"; };
		0208A11C29CEF20E00905755 /* ArmenianInputSetProvider.swift */ = {isa = PBXFileReference; lastKnownFileType = sourcecode.swift; path = ArmenianInputSetProvider.swift; sourceTree = "<group>"; };
		0218B21D29DB63D90073A853 /* ArmenianActionHandler.swift */ = {isa = PBXFileReference; lastKnownFileType = sourcecode.swift; path = ArmenianActionHandler.swift; sourceTree = "<group>"; };
		022D42DC29CE69C5000F71B1 /* hayatar.app */ = {isa = PBXFileReference; explicitFileType = wrapper.application; includeInIndex = 0; path = hayatar.app; sourceTree = BUILT_PRODUCTS_DIR; };
		022D42DF29CE69C5000F71B1 /* hayatarApp.swift */ = {isa = PBXFileReference; lastKnownFileType = sourcecode.swift; path = hayatarApp.swift; sourceTree = "<group>"; };
		022D42E129CE69C5000F71B1 /* ContentView.swift */ = {isa = PBXFileReference; lastKnownFileType = sourcecode.swift; path = ContentView.swift; sourceTree = "<group>"; };
		022D42E329CE69C6000F71B1 /* Assets.xcassets */ = {isa = PBXFileReference; lastKnownFileType = folder.assetcatalog; path = Assets.xcassets; sourceTree = "<group>"; };
		022D42E629CE69C6000F71B1 /* Preview Assets.xcassets */ = {isa = PBXFileReference; lastKnownFileType = folder.assetcatalog; path = "Preview Assets.xcassets"; sourceTree = "<group>"; };
		022D42F129CE6A39000F71B1 /* Armenian.appex */ = {isa = PBXFileReference; explicitFileType = "wrapper.app-extension"; includeInIndex = 0; path = Armenian.appex; sourceTree = BUILT_PRODUCTS_DIR; };
		022D42F329CE6A3A000F71B1 /* KeyboardViewController.swift */ = {isa = PBXFileReference; lastKnownFileType = sourcecode.swift; path = KeyboardViewController.swift; sourceTree = "<group>"; };
		022D42F529CE6A3A000F71B1 /* Info.plist */ = {isa = PBXFileReference; lastKnownFileType = text.plist.xml; path = Info.plist; sourceTree = "<group>"; };
		02485AA929DFABCE00244E8F /* SharedDefaults.framework */ = {isa = PBXFileReference; explicitFileType = wrapper.framework; includeInIndex = 0; path = SharedDefaults.framework; sourceTree = BUILT_PRODUCTS_DIR; };
		02485AAB29DFABCE00244E8F /* SharedDefaults.h */ = {isa = PBXFileReference; lastKnownFileType = sourcecode.c.h; path = SharedDefaults.h; sourceTree = "<group>"; };
		02485ABB29DFAC2500244E8F /* SharedDefaults.swift */ = {isa = PBXFileReference; lastKnownFileType = sourcecode.swift; path = SharedDefaults.swift; sourceTree = "<group>"; };
		02485ABD29DFBE2500244E8F /* LabelledTextField.swift */ = {isa = PBXFileReference; lastKnownFileType = sourcecode.swift; path = LabelledTextField.swift; sourceTree = "<group>"; };
		02485ABF29DFC06700244E8F /* ResetSettingsButton.swift */ = {isa = PBXFileReference; lastKnownFileType = sourcecode.swift; path = ResetSettingsButton.swift; sourceTree = "<group>"; };
		02519A4229E4D7E60014B4CD /* AutocompleteProvider.swift */ = {isa = PBXFileReference; lastKnownFileType = sourcecode.swift; path = AutocompleteProvider.swift; sourceTree = "<group>"; };
		0256824A29DB9D44004BD8D6 /* KeyboardFeedback.swift */ = {isa = PBXFileReference; lastKnownFileType = sourcecode.swift; path = KeyboardFeedback.swift; sourceTree = "<group>"; };
		025FC95929E0FE09008B7E6B /* SyncSettingsView.swift */ = {isa = PBXFileReference; lastKnownFileType = sourcecode.swift; path = SyncSettingsView.swift; sourceTree = "<group>"; };
		0274E27329EAD4B500AC6CB6 /* README-hy.txt */ = {isa = PBXFileReference; fileEncoding = 4; lastKnownFileType = text; path = "README-hy.txt"; sourceTree = "<group>"; };
		0274E27429EAD4B500AC6CB6 /* hy_AM.dic */ = {isa = PBXFileReference; fileEncoding = 4; lastKnownFileType = text; path = hy_AM.dic; sourceTree = "<group>"; };
		0274E27529EAD4B500AC6CB6 /* hy_AM.aff */ = {isa = PBXFileReference; fileEncoding = 4; lastKnownFileType = text; path = hy_AM.aff; sourceTree = "<group>"; };
		0274E27929EB099E00AC6CB6 /* HunspellBridge.mm */ = {isa = PBXFileReference; fileEncoding = 4; lastKnownFileType = sourcecode.cpp.objcpp; path = HunspellBridge.mm; sourceTree = "<group>"; };
		0274E27A29EB099E00AC6CB6 /* HunspellBridge.h */ = {isa = PBXFileReference; fileEncoding = 4; lastKnownFileType = sourcecode.c.h; path = HunspellBridge.h; sourceTree = "<group>"; };
		0274E27C29EB5DC400AC6CB6 /* Preference.swift */ = {isa = PBXFileReference; lastKnownFileType = sourcecode.swift; path = Preference.swift; sourceTree = "<group>"; };
		0274E27E29EB632500AC6CB6 /* Storage.swift */ = {isa = PBXFileReference; lastKnownFileType = sourcecode.swift; path = Storage.swift; sourceTree = "<group>"; };
		0288C5F729D3518500AF6638 /* ArmenianCalloutProvider.swift */ = {isa = PBXFileReference; lastKnownFileType = sourcecode.swift; path = ArmenianCalloutProvider.swift; sourceTree = "<group>"; };
		02D0223129E848E800C34C0A /* Armenian-Bridging-Header.h */ = {isa = PBXFileReference; lastKnownFileType = sourcecode.c.h; path = "Armenian-Bridging-Header.h"; sourceTree = "<group>"; };
		02D0223229E848E900C34C0A /* hashmgr.h */ = {isa = PBXFileReference; fileEncoding = 4; lastKnownFileType = sourcecode.c.h; path = hashmgr.h; sourceTree = "<group>"; };
		02D0223329E848E900C34C0A /* README */ = {isa = PBXFileReference; fileEncoding = 4; lastKnownFileType = text; path = README; sourceTree = "<group>"; };
		02D0223429E848E900C34C0A /* license.hunspell */ = {isa = PBXFileReference; fileEncoding = 4; lastKnownFileType = text; path = license.hunspell; sourceTree = "<group>"; };
		02D0223729E848E900C34C0A /* hunspell.h */ = {isa = PBXFileReference; fileEncoding = 4; lastKnownFileType = sourcecode.c.h; path = hunspell.h; sourceTree = "<group>"; };
		02D0223829E848E900C34C0A /* dictionary.lst */ = {isa = PBXFileReference; fileEncoding = 4; lastKnownFileType = text; path = dictionary.lst; sourceTree = "<group>"; };
		02D0223929E848E900C34C0A /* htypes.h */ = {isa = PBXFileReference; fileEncoding = 4; lastKnownFileType = sourcecode.c.h; path = htypes.h; sourceTree = "<group>"; };
		02D0223C29E848E900C34C0A /* dictmgr.h */ = {isa = PBXFileReference; fileEncoding = 4; lastKnownFileType = sourcecode.c.h; path = dictmgr.h; sourceTree = "<group>"; };
		02D0223D29E848E900C34C0A /* replist.h */ = {isa = PBXFileReference; fileEncoding = 4; lastKnownFileType = sourcecode.c.h; path = replist.h; sourceTree = "<group>"; };
		02D0224229E848E900C34C0A /* atypes.h */ = {isa = PBXFileReference; fileEncoding = 4; lastKnownFileType = sourcecode.c.h; path = atypes.h; sourceTree = "<group>"; };
		02D0224329E848E900C34C0A /* SpellChecker.h */ = {isa = PBXFileReference; fileEncoding = 4; lastKnownFileType = sourcecode.c.h; path = SpellChecker.h; sourceTree = "<group>"; };
		02D0224429E848E900C34C0A /* baseaffix.h */ = {isa = PBXFileReference; fileEncoding = 4; lastKnownFileType = sourcecode.c.h; path = baseaffix.h; sourceTree = "<group>"; };
		02D0224529E848E900C34C0A /* hunzip.mm */ = {isa = PBXFileReference; fileEncoding = 4; lastKnownFileType = sourcecode.cpp.objcpp; path = hunzip.mm; sourceTree = "<group>"; };
		02D0224629E848E900C34C0A /* config.h */ = {isa = PBXFileReference; fileEncoding = 4; lastKnownFileType = sourcecode.c.h; path = config.h; sourceTree = "<group>"; };
		02D0224729E848E900C34C0A /* phonet.h */ = {isa = PBXFileReference; fileEncoding = 4; lastKnownFileType = sourcecode.c.h; path = phonet.h; sourceTree = "<group>"; };
		02D0224829E848E900C34C0A /* hunspell.mm */ = {isa = PBXFileReference; fileEncoding = 4; lastKnownFileType = sourcecode.cpp.objcpp; path = hunspell.mm; sourceTree = "<group>"; };
		02D0224A29E848E900C34C0A /* langnum.h */ = {isa = PBXFileReference; fileEncoding = 4; lastKnownFileType = sourcecode.c.h; path = langnum.h; sourceTree = "<group>"; };
		02D0224D29E848E900C34C0A /* affentry.h */ = {isa = PBXFileReference; fileEncoding = 4; lastKnownFileType = sourcecode.c.h; path = affentry.h; sourceTree = "<group>"; };
		02D0224E29E848E900C34C0A /* filemgr.h */ = {isa = PBXFileReference; fileEncoding = 4; lastKnownFileType = sourcecode.c.h; path = filemgr.h; sourceTree = "<group>"; };
		02D0224F29E848E900C34C0A /* SpellChecker.mm */ = {isa = PBXFileReference; fileEncoding = 4; lastKnownFileType = sourcecode.cpp.objcpp; path = SpellChecker.mm; sourceTree = "<group>"; };
		02D0225029E848E900C34C0A /* hunvisapi.h.in */ = {isa = PBXFileReference; fileEncoding = 4; lastKnownFileType = text; path = hunvisapi.h.in; sourceTree = "<group>"; };
		02D0225129E848EA00C34C0A /* license.myspell */ = {isa = PBXFileReference; fileEncoding = 4; lastKnownFileType = text; path = license.myspell; sourceTree = "<group>"; };
		02D0225229E848EA00C34C0A /* csutil.h */ = {isa = PBXFileReference; fileEncoding = 4; lastKnownFileType = sourcecode.c.h; path = csutil.h; sourceTree = "<group>"; };
		02D0225329E848EA00C34C0A /* makefile.mk */ = {isa = PBXFileReference; fileEncoding = 4; lastKnownFileType = text; path = makefile.mk; sourceTree = "<group>"; };
		02D0225529E848EA00C34C0A /* hunvisapi.h */ = {isa = PBXFileReference; fileEncoding = 4; lastKnownFileType = sourcecode.c.h; path = hunvisapi.h; sourceTree = "<group>"; };
		02D0225629E848EA00C34C0A /* filemgr.mm */ = {isa = PBXFileReference; fileEncoding = 4; lastKnownFileType = sourcecode.cpp.objcpp; path = filemgr.mm; sourceTree = "<group>"; };
		02D0225929E848EA00C34C0A /* affentry.mm */ = {isa = PBXFileReference; fileEncoding = 4; lastKnownFileType = sourcecode.cpp.objcpp; path = affentry.mm; sourceTree = "<group>"; };
		02D0225B29E848EA00C34C0A /* replist.mm */ = {isa = PBXFileReference; fileEncoding = 4; lastKnownFileType = sourcecode.cpp.objcpp; path = replist.mm; sourceTree = "<group>"; };
		02D0225D29E848EA00C34C0A /* suggestmgr.h */ = {isa = PBXFileReference; fileEncoding = 4; lastKnownFileType = sourcecode.c.h; path = suggestmgr.h; sourceTree = "<group>"; };
		02D0225E29E848EA00C34C0A /* w_char.h */ = {isa = PBXFileReference; fileEncoding = 4; lastKnownFileType = sourcecode.c.h; path = w_char.h; sourceTree = "<group>"; };
		02D0226229E848EA00C34C0A /* phonet.mm */ = {isa = PBXFileReference; fileEncoding = 4; lastKnownFileType = sourcecode.cpp.objcpp; path = phonet.mm; sourceTree = "<group>"; };
		02D0226329E848EA00C34C0A /* hunspell.dsp */ = {isa = PBXFileReference; fileEncoding = 4; lastKnownFileType = text; path = hunspell.dsp; sourceTree = "<group>"; };
		02D0226429E848EA00C34C0A /* affixmgr.mm */ = {isa = PBXFileReference; fileEncoding = 4; lastKnownFileType = sourcecode.cpp.objcpp; path = affixmgr.mm; sourceTree = "<group>"; };
		02D0226529E848EA00C34C0A /* dictmgr.mm */ = {isa = PBXFileReference; fileEncoding = 4; lastKnownFileType = sourcecode.cpp.objcpp; path = dictmgr.mm; sourceTree = "<group>"; };
		02D0226629E848EA00C34C0A /* csutil.mm */ = {isa = PBXFileReference; fileEncoding = 4; lastKnownFileType = sourcecode.cpp.objcpp; path = csutil.mm; sourceTree = "<group>"; };
		02D0226829E848EA00C34C0A /* affixmgr.h */ = {isa = PBXFileReference; fileEncoding = 4; lastKnownFileType = sourcecode.c.h; path = affixmgr.h; sourceTree = "<group>"; };
		02D0226929E848EA00C34C0A /* hashmgr.mm */ = {isa = PBXFileReference; fileEncoding = 4; lastKnownFileType = sourcecode.cpp.objcpp; path = hashmgr.mm; sourceTree = "<group>"; };
		02D0226B29E848EA00C34C0A /* hunzip.h */ = {isa = PBXFileReference; fileEncoding = 4; lastKnownFileType = sourcecode.c.h; path = hunzip.h; sourceTree = "<group>"; };
		02D0226C29E848EA00C34C0A /* suggestmgr.mm */ = {isa = PBXFileReference; fileEncoding = 4; lastKnownFileType = sourcecode.cpp.objcpp; path = suggestmgr.mm; sourceTree = "<group>"; };
		02D494BB29D5F1C000C1D087 /* Info.plist */ = {isa = PBXFileReference; lastKnownFileType = text.plist; path = Info.plist; sourceTree = "<group>"; };
		02EE058929D877C200C7752D /* README.md */ = {isa = PBXFileReference; fileEncoding = 4; lastKnownFileType = net.daringfireball.markdown; path = README.md; sourceTree = SOURCE_ROOT; };
		02EE058B29D8B84500C7752D /* Extensions.swift */ = {isa = PBXFileReference; lastKnownFileType = sourcecode.swift; path = Extensions.swift; sourceTree = "<group>"; };
		02EE490429DCC375003DDDD8 /* hayatar.entitlements */ = {isa = PBXFileReference; lastKnownFileType = text.plist.entitlements; path = hayatar.entitlements; sourceTree = "<group>"; };
		02EE490529DCC39B003DDDD8 /* Armenian.entitlements */ = {isa = PBXFileReference; lastKnownFileType = text.plist.entitlements; path = Armenian.entitlements; sourceTree = "<group>"; };
/* End PBXFileReference section */

/* Begin PBXFrameworksBuildPhase section */
		022D42D929CE69C5000F71B1 /* Frameworks */ = {
			isa = PBXFrameworksBuildPhase;
			buildActionMask = 2147483647;
			files = (
				02485AAF29DFABCE00244E8F /* SharedDefaults.framework in Frameworks */,
			);
			runOnlyForDeploymentPostprocessing = 0;
		};
		022D42EE29CE6A39000F71B1 /* Frameworks */ = {
			isa = PBXFrameworksBuildPhase;
			buildActionMask = 2147483647;
			files = (
				022D42FF29CE6DED000F71B1 /* KeyboardKit in Frameworks */,
				02485AB629DFABF900244E8F /* SharedDefaults.framework in Frameworks */,
			);
			runOnlyForDeploymentPostprocessing = 0;
		};
		02485AA629DFABCE00244E8F /* Frameworks */ = {
			isa = PBXFrameworksBuildPhase;
			buildActionMask = 2147483647;
			files = (
			);
			runOnlyForDeploymentPostprocessing = 0;
		};
/* End PBXFrameworksBuildPhase section */

/* Begin PBXGroup section */
		022D42D329CE69C5000F71B1 = {
			isa = PBXGroup;
			children = (
				022D42DE29CE69C5000F71B1 /* hayatar */,
				022D42F229CE6A3A000F71B1 /* Armenian */,
				02485AAA29DFABCE00244E8F /* SharedDefaults */,
				022D42DD29CE69C5000F71B1 /* Products */,
				02485AB529DFABF900244E8F /* Frameworks */,
			);
			sourceTree = "<group>";
		};
		022D42DD29CE69C5000F71B1 /* Products */ = {
			isa = PBXGroup;
			children = (
				022D42DC29CE69C5000F71B1 /* hayatar.app */,
				022D42F129CE6A39000F71B1 /* Armenian.appex */,
				02485AA929DFABCE00244E8F /* SharedDefaults.framework */,
			);
			name = Products;
			sourceTree = "<group>";
		};
		022D42DE29CE69C5000F71B1 /* hayatar */ = {
			isa = PBXGroup;
			children = (
				02EE490429DCC375003DDDD8 /* hayatar.entitlements */,
				02D494BB29D5F1C000C1D087 /* Info.plist */,
				022D42DF29CE69C5000F71B1 /* hayatarApp.swift */,
				022D42E129CE69C5000F71B1 /* ContentView.swift */,
				022D42E329CE69C6000F71B1 /* Assets.xcassets */,
				022D42E529CE69C6000F71B1 /* Preview Content */,
				02485ABD29DFBE2500244E8F /* LabelledTextField.swift */,
				02485ABF29DFC06700244E8F /* ResetSettingsButton.swift */,
				025FC95929E0FE09008B7E6B /* SyncSettingsView.swift */,
			);
			path = hayatar;
			sourceTree = "<group>";
		};
		022D42E529CE69C6000F71B1 /* Preview Content */ = {
			isa = PBXGroup;
			children = (
				022D42E629CE69C6000F71B1 /* Preview Assets.xcassets */,
			);
			path = "Preview Content";
			sourceTree = "<group>";
		};
		022D42F229CE6A3A000F71B1 /* Armenian */ = {
			isa = PBXGroup;
			children = (
				02D0223029E847EE00C34C0A /* Hunspell */,
				02EE490529DCC39B003DDDD8 /* Armenian.entitlements */,
				02EE058929D877C200C7752D /* README.md */,
				022D42F329CE6A3A000F71B1 /* KeyboardViewController.swift */,
				0208A11A29CEEF8700905755 /* ArmenianLayoutProvider.swift */,
				0208A11C29CEF20E00905755 /* ArmenianInputSetProvider.swift */,
				022D42F529CE6A3A000F71B1 /* Info.plist */,
				0288C5F729D3518500AF6638 /* ArmenianCalloutProvider.swift */,
				02EE058B29D8B84500C7752D /* Extensions.swift */,
				0218B21D29DB63D90073A853 /* ArmenianActionHandler.swift */,
				0256824A29DB9D44004BD8D6 /* KeyboardFeedback.swift */,
				02519A4229E4D7E60014B4CD /* AutocompleteProvider.swift */,
			);
			path = Armenian;
			sourceTree = "<group>";
		};
		02485AAA29DFABCE00244E8F /* SharedDefaults */ = {
			isa = PBXGroup;
			children = (
				02485AAB29DFABCE00244E8F /* SharedDefaults.h */,
				02485ABB29DFAC2500244E8F /* SharedDefaults.swift */,
				0274E27C29EB5DC400AC6CB6 /* Preference.swift */,
				0274E27E29EB632500AC6CB6 /* Storage.swift */,
			);
			path = SharedDefaults;
			sourceTree = "<group>";
		};
		02485AB529DFABF900244E8F /* Frameworks */ = {
			isa = PBXGroup;
			children = (
			);
			name = Frameworks;
			sourceTree = "<group>";
		};
		02D0223029E847EE00C34C0A /* Hunspell */ = {
			isa = PBXGroup;
			children = (
				02D0224D29E848E900C34C0A /* affentry.h */,
				02D0225929E848EA00C34C0A /* affentry.mm */,
				02D0226829E848EA00C34C0A /* affixmgr.h */,
				02D0226429E848EA00C34C0A /* affixmgr.mm */,
				02D0224229E848E900C34C0A /* atypes.h */,
				02D0224429E848E900C34C0A /* baseaffix.h */,
				02D0224629E848E900C34C0A /* config.h */,
				02D0225229E848EA00C34C0A /* csutil.h */,
				02D0226629E848EA00C34C0A /* csutil.mm */,
				0274E27A29EB099E00AC6CB6 /* HunspellBridge.h */,
				0274E27929EB099E00AC6CB6 /* HunspellBridge.mm */,
				02D0223829E848E900C34C0A /* dictionary.lst */,
				02D0223C29E848E900C34C0A /* dictmgr.h */,
				02D0226529E848EA00C34C0A /* dictmgr.mm */,
				02D0224E29E848E900C34C0A /* filemgr.h */,
				02D0225629E848EA00C34C0A /* filemgr.mm */,
				02D0223229E848E900C34C0A /* hashmgr.h */,
				02D0226929E848EA00C34C0A /* hashmgr.mm */,
				02D0223929E848E900C34C0A /* htypes.h */,
				02D0226329E848EA00C34C0A /* hunspell.dsp */,
				02D0223729E848E900C34C0A /* hunspell.h */,
				02D0224829E848E900C34C0A /* hunspell.mm */,
				02D0225529E848EA00C34C0A /* hunvisapi.h */,
				02D0225029E848E900C34C0A /* hunvisapi.h.in */,
				02D0226B29E848EA00C34C0A /* hunzip.h */,
				02D0224529E848E900C34C0A /* hunzip.mm */,
				02D0224A29E848E900C34C0A /* langnum.h */,
				02D0223429E848E900C34C0A /* license.hunspell */,
				02D0225129E848EA00C34C0A /* license.myspell */,
				0274E27529EAD4B500AC6CB6 /* hy_AM.aff */,
				0274E27429EAD4B500AC6CB6 /* hy_AM.dic */,
				0274E27329EAD4B500AC6CB6 /* README-hy.txt */,
				02D0225329E848EA00C34C0A /* makefile.mk */,
				02D0224729E848E900C34C0A /* phonet.h */,
				02D0226229E848EA00C34C0A /* phonet.mm */,
				02D0223329E848E900C34C0A /* README */,
				02D0223D29E848E900C34C0A /* replist.h */,
				02D0225B29E848EA00C34C0A /* replist.mm */,
				02D0224329E848E900C34C0A /* SpellChecker.h */,
				02D0224F29E848E900C34C0A /* SpellChecker.mm */,
				02D0225D29E848EA00C34C0A /* suggestmgr.h */,
				02D0226C29E848EA00C34C0A /* suggestmgr.mm */,
				02D0225E29E848EA00C34C0A /* w_char.h */,
				02D0223129E848E800C34C0A /* Armenian-Bridging-Header.h */,
			);
			path = Hunspell;
			sourceTree = "<group>";
		};
/* End PBXGroup section */

/* Begin PBXHeadersBuildPhase section */
		02485AA429DFABCE00244E8F /* Headers */ = {
			isa = PBXHeadersBuildPhase;
			buildActionMask = 2147483647;
			files = (
				02485AAC29DFABCE00244E8F /* SharedDefaults.h in Headers */,
			);
			runOnlyForDeploymentPostprocessing = 0;
		};
/* End PBXHeadersBuildPhase section */

/* Begin PBXNativeTarget section */
		022D42DB29CE69C5000F71B1 /* hayatar */ = {
			isa = PBXNativeTarget;
			buildConfigurationList = 022D42EA29CE69C6000F71B1 /* Build configuration list for PBXNativeTarget "hayatar" */;
			buildPhases = (
				022D42D829CE69C5000F71B1 /* Sources */,
				022D42D929CE69C5000F71B1 /* Frameworks */,
				022D42DA29CE69C5000F71B1 /* Resources */,
				022D42FC29CE6A3A000F71B1 /* Embed Foundation Extensions */,
				02485AB129DFABCE00244E8F /* Embed Frameworks */,
			);
			buildRules = (
			);
			dependencies = (
				022D42F729CE6A3A000F71B1 /* PBXTargetDependency */,
				02485AAE29DFABCE00244E8F /* PBXTargetDependency */,
			);
			name = hayatar;
			productName = hayatar;
			productReference = 022D42DC29CE69C5000F71B1 /* hayatar.app */;
			productType = "com.apple.product-type.application";
		};
		022D42F029CE6A39000F71B1 /* Armenian */ = {
			isa = PBXNativeTarget;
			buildConfigurationList = 022D42F929CE6A3A000F71B1 /* Build configuration list for PBXNativeTarget "Armenian" */;
			buildPhases = (
				022D42ED29CE6A39000F71B1 /* Sources */,
				022D42EE29CE6A39000F71B1 /* Frameworks */,
				022D42EF29CE6A39000F71B1 /* Resources */,
			);
			buildRules = (
			);
			dependencies = (
				02485AB929DFABF900244E8F /* PBXTargetDependency */,
			);
			name = Armenian;
			packageProductDependencies = (
				022D42FE29CE6DED000F71B1 /* KeyboardKit */,
			);
			productName = Armenian;
			productReference = 022D42F129CE6A39000F71B1 /* Armenian.appex */;
			productType = "com.apple.product-type.app-extension";
		};
		02485AA829DFABCE00244E8F /* SharedDefaults */ = {
			isa = PBXNativeTarget;
			buildConfigurationList = 02485AB429DFABCE00244E8F /* Build configuration list for PBXNativeTarget "SharedDefaults" */;
			buildPhases = (
				02485AA429DFABCE00244E8F /* Headers */,
				02485AA529DFABCE00244E8F /* Sources */,
				02485AA629DFABCE00244E8F /* Frameworks */,
				02485AA729DFABCE00244E8F /* Resources */,
			);
			buildRules = (
			);
			dependencies = (
			);
			name = SharedDefaults;
			productName = SharedDefaults;
			productReference = 02485AA929DFABCE00244E8F /* SharedDefaults.framework */;
			productType = "com.apple.product-type.framework";
		};
/* End PBXNativeTarget section */

/* Begin PBXProject section */
		022D42D429CE69C5000F71B1 /* Project object */ = {
			isa = PBXProject;
			attributes = {
				BuildIndependentTargetsInParallel = 1;
				LastSwiftUpdateCheck = 1420;
				LastUpgradeCheck = 1420;
				TargetAttributes = {
					022D42DB29CE69C5000F71B1 = {
						CreatedOnToolsVersion = 14.2;
					};
					022D42F029CE6A39000F71B1 = {
						CreatedOnToolsVersion = 14.2;
						LastSwiftMigration = 1430;
					};
					02485AA829DFABCE00244E8F = {
						CreatedOnToolsVersion = 14.3;
						LastSwiftMigration = 1430;
					};
				};
			};
			buildConfigurationList = 022D42D729CE69C5000F71B1 /* Build configuration list for PBXProject "hayatar" */;
			compatibilityVersion = "Xcode 14.0";
			developmentRegion = en;
			hasScannedForEncodings = 0;
			knownRegions = (
				en,
				Base,
			);
			mainGroup = 022D42D329CE69C5000F71B1;
			packageReferences = (
				022D42FD29CE6DED000F71B1 /* XCRemoteSwiftPackageReference "KeyboardKit" */,
			);
			productRefGroup = 022D42DD29CE69C5000F71B1 /* Products */;
			projectDirPath = "";
			projectRoot = "";
			targets = (
				022D42DB29CE69C5000F71B1 /* hayatar */,
				022D42F029CE6A39000F71B1 /* Armenian */,
				02485AA829DFABCE00244E8F /* SharedDefaults */,
			);
		};
/* End PBXProject section */

/* Begin PBXResourcesBuildPhase section */
		022D42DA29CE69C5000F71B1 /* Resources */ = {
			isa = PBXResourcesBuildPhase;
			buildActionMask = 2147483647;
			files = (
				02EE058A29D877C200C7752D /* README.md in Resources */,
				022D42E729CE69C6000F71B1 /* Preview Assets.xcassets in Resources */,
				022D42E429CE69C6000F71B1 /* Assets.xcassets in Resources */,
			);
			runOnlyForDeploymentPostprocessing = 0;
		};
		022D42EF29CE6A39000F71B1 /* Resources */ = {
			isa = PBXResourcesBuildPhase;
			buildActionMask = 2147483647;
			files = (
				0274E27829EAD4B500AC6CB6 /* hy_AM.aff in Resources */,
				02D0226E29E848EA00C34C0A /* license.hunspell in Resources */,
				0274E27729EAD4B500AC6CB6 /* hy_AM.dic in Resources */,
				02D0227029E848EA00C34C0A /* dictionary.lst in Resources */,
				02D0227E29E848EA00C34C0A /* makefile.mk in Resources */,
				02D0226D29E848EA00C34C0A /* README in Resources */,
				02D0227C29E848EA00C34C0A /* hunvisapi.h.in in Resources */,
				02D0228829E848EA00C34C0A /* hunspell.dsp in Resources */,
				02D0227D29E848EA00C34C0A /* license.myspell in Resources */,
				0274E27629EAD4B500AC6CB6 /* README-hy.txt in Resources */,
			);
			runOnlyForDeploymentPostprocessing = 0;
		};
		02485AA729DFABCE00244E8F /* Resources */ = {
			isa = PBXResourcesBuildPhase;
			buildActionMask = 2147483647;
			files = (
			);
			runOnlyForDeploymentPostprocessing = 0;
		};
/* End PBXResourcesBuildPhase section */

/* Begin PBXSourcesBuildPhase section */
		022D42D829CE69C5000F71B1 /* Sources */ = {
			isa = PBXSourcesBuildPhase;
			buildActionMask = 2147483647;
			files = (
				025FC95A29E0FE09008B7E6B /* SyncSettingsView.swift in Sources */,
				02485AC029DFC06700244E8F /* ResetSettingsButton.swift in Sources */,
				022D42E229CE69C5000F71B1 /* ContentView.swift in Sources */,
				022D42E029CE69C5000F71B1 /* hayatarApp.swift in Sources */,
				02485ABE29DFBE2500244E8F /* LabelledTextField.swift in Sources */,
			);
			runOnlyForDeploymentPostprocessing = 0;
		};
		022D42ED29CE6A39000F71B1 /* Sources */ = {
			isa = PBXSourcesBuildPhase;
			buildActionMask = 2147483647;
			files = (
				02EE058C29D8B84500C7752D /* Extensions.swift in Sources */,
				02D0227B29E848EA00C34C0A /* SpellChecker.mm in Sources */,
				02D0228329E848EA00C34C0A /* affentry.mm in Sources */,
				0274E27B29EB099E00AC6CB6 /* HunspellBridge.mm in Sources */,
				0208A11B29CEEF8700905755 /* ArmenianLayoutProvider.swift in Sources */,
				02D0227729E848EA00C34C0A /* hunzip.mm in Sources */,
				02D0228E29E848EA00C34C0A /* suggestmgr.mm in Sources */,
				02519A4329E4D7E60014B4CD /* AutocompleteProvider.swift in Sources */,
				022D42F429CE6A3A000F71B1 /* KeyboardViewController.swift in Sources */,
				0218B21E29DB63D90073A853 /* ArmenianActionHandler.swift in Sources */,
				02D0227829E848EA00C34C0A /* hunspell.mm in Sources */,
				02D0228D29E848EA00C34C0A /* hashmgr.mm in Sources */,
				0288C5F829D3518500AF6638 /* ArmenianCalloutProvider.swift in Sources */,
				02D0228729E848EA00C34C0A /* phonet.mm in Sources */,
				0256824B29DB9D44004BD8D6 /* KeyboardFeedback.swift in Sources */,
				02D0228529E848EA00C34C0A /* replist.mm in Sources */,
				02D0228029E848EA00C34C0A /* filemgr.mm in Sources */,
				0208A11D29CEF20E00905755 /* ArmenianInputSetProvider.swift in Sources */,
				02D0228B29E848EA00C34C0A /* csutil.mm in Sources */,
				02D0228929E848EA00C34C0A /* affixmgr.mm in Sources */,
				02D0228A29E848EA00C34C0A /* dictmgr.mm in Sources */,
			);
			runOnlyForDeploymentPostprocessing = 0;
		};
		02485AA529DFABCE00244E8F /* Sources */ = {
			isa = PBXSourcesBuildPhase;
			buildActionMask = 2147483647;
			files = (
				0274E27D29EB5DC400AC6CB6 /* Preference.swift in Sources */,
				02485ABC29DFAC2500244E8F /* SharedDefaults.swift in Sources */,
				0274E27F29EB632600AC6CB6 /* Storage.swift in Sources */,
			);
			runOnlyForDeploymentPostprocessing = 0;
		};
/* End PBXSourcesBuildPhase section */

/* Begin PBXTargetDependency section */
		022D42F729CE6A3A000F71B1 /* PBXTargetDependency */ = {
			isa = PBXTargetDependency;
			target = 022D42F029CE6A39000F71B1 /* Armenian */;
			targetProxy = 022D42F629CE6A3A000F71B1 /* PBXContainerItemProxy */;
		};
		02485AAE29DFABCE00244E8F /* PBXTargetDependency */ = {
			isa = PBXTargetDependency;
			target = 02485AA829DFABCE00244E8F /* SharedDefaults */;
			targetProxy = 02485AAD29DFABCE00244E8F /* PBXContainerItemProxy */;
		};
		02485AB929DFABF900244E8F /* PBXTargetDependency */ = {
			isa = PBXTargetDependency;
			target = 02485AA829DFABCE00244E8F /* SharedDefaults */;
			targetProxy = 02485AB829DFABF900244E8F /* PBXContainerItemProxy */;
		};
/* End PBXTargetDependency section */

/* Begin XCBuildConfiguration section */
		022D42E829CE69C6000F71B1 /* Debug */ = {
			isa = XCBuildConfiguration;
			buildSettings = {
				ALWAYS_SEARCH_USER_PATHS = NO;
				CLANG_ANALYZER_NONNULL = YES;
				CLANG_ANALYZER_NUMBER_OBJECT_CONVERSION = YES_AGGRESSIVE;
				CLANG_CXX_LANGUAGE_STANDARD = "gnu++20";
				CLANG_ENABLE_MODULES = YES;
				CLANG_ENABLE_OBJC_ARC = YES;
				CLANG_ENABLE_OBJC_WEAK = YES;
				CLANG_WARN_BLOCK_CAPTURE_AUTORELEASING = YES;
				CLANG_WARN_BOOL_CONVERSION = YES;
				CLANG_WARN_COMMA = YES;
				CLANG_WARN_CONSTANT_CONVERSION = YES;
				CLANG_WARN_DEPRECATED_OBJC_IMPLEMENTATIONS = YES;
				CLANG_WARN_DIRECT_OBJC_ISA_USAGE = YES_ERROR;
				CLANG_WARN_DOCUMENTATION_COMMENTS = YES;
				CLANG_WARN_EMPTY_BODY = YES;
				CLANG_WARN_ENUM_CONVERSION = YES;
				CLANG_WARN_INFINITE_RECURSION = YES;
				CLANG_WARN_INT_CONVERSION = YES;
				CLANG_WARN_NON_LITERAL_NULL_CONVERSION = YES;
				CLANG_WARN_OBJC_IMPLICIT_RETAIN_SELF = YES;
				CLANG_WARN_OBJC_LITERAL_CONVERSION = YES;
				CLANG_WARN_OBJC_ROOT_CLASS = YES_ERROR;
				CLANG_WARN_QUOTED_INCLUDE_IN_FRAMEWORK_HEADER = YES;
				CLANG_WARN_RANGE_LOOP_ANALYSIS = YES;
				CLANG_WARN_STRICT_PROTOTYPES = YES;
				CLANG_WARN_SUSPICIOUS_MOVE = YES;
				CLANG_WARN_UNGUARDED_AVAILABILITY = YES_AGGRESSIVE;
				CLANG_WARN_UNREACHABLE_CODE = YES;
				CLANG_WARN__DUPLICATE_METHOD_MATCH = YES;
				COPY_PHASE_STRIP = NO;
				DEBUG_INFORMATION_FORMAT = dwarf;
				ENABLE_STRICT_OBJC_MSGSEND = YES;
				ENABLE_TESTABILITY = YES;
				GCC_C_LANGUAGE_STANDARD = gnu11;
				GCC_DYNAMIC_NO_PIC = NO;
				GCC_NO_COMMON_BLOCKS = YES;
				GCC_OPTIMIZATION_LEVEL = 0;
				GCC_PREPROCESSOR_DEFINITIONS = (
					"DEBUG=1",
					"$(inherited)",
				);
				GCC_WARN_64_TO_32_BIT_CONVERSION = YES;
				GCC_WARN_ABOUT_RETURN_TYPE = YES_ERROR;
				GCC_WARN_UNDECLARED_SELECTOR = YES;
				GCC_WARN_UNINITIALIZED_AUTOS = YES_AGGRESSIVE;
				GCC_WARN_UNUSED_FUNCTION = YES;
				GCC_WARN_UNUSED_VARIABLE = YES;
				IPHONEOS_DEPLOYMENT_TARGET = 16.2;
				MTL_ENABLE_DEBUG_INFO = INCLUDE_SOURCE;
				MTL_FAST_MATH = YES;
				ONLY_ACTIVE_ARCH = YES;
				SDKROOT = iphoneos;
				SWIFT_ACTIVE_COMPILATION_CONDITIONS = DEBUG;
				SWIFT_OPTIMIZATION_LEVEL = "-Onone";
			};
			name = Debug;
		};
		022D42E929CE69C6000F71B1 /* Release */ = {
			isa = XCBuildConfiguration;
			buildSettings = {
				ALWAYS_SEARCH_USER_PATHS = NO;
				CLANG_ANALYZER_NONNULL = YES;
				CLANG_ANALYZER_NUMBER_OBJECT_CONVERSION = YES_AGGRESSIVE;
				CLANG_CXX_LANGUAGE_STANDARD = "gnu++20";
				CLANG_ENABLE_MODULES = YES;
				CLANG_ENABLE_OBJC_ARC = YES;
				CLANG_ENABLE_OBJC_WEAK = YES;
				CLANG_WARN_BLOCK_CAPTURE_AUTORELEASING = YES;
				CLANG_WARN_BOOL_CONVERSION = YES;
				CLANG_WARN_COMMA = YES;
				CLANG_WARN_CONSTANT_CONVERSION = YES;
				CLANG_WARN_DEPRECATED_OBJC_IMPLEMENTATIONS = YES;
				CLANG_WARN_DIRECT_OBJC_ISA_USAGE = YES_ERROR;
				CLANG_WARN_DOCUMENTATION_COMMENTS = YES;
				CLANG_WARN_EMPTY_BODY = YES;
				CLANG_WARN_ENUM_CONVERSION = YES;
				CLANG_WARN_INFINITE_RECURSION = YES;
				CLANG_WARN_INT_CONVERSION = YES;
				CLANG_WARN_NON_LITERAL_NULL_CONVERSION = YES;
				CLANG_WARN_OBJC_IMPLICIT_RETAIN_SELF = YES;
				CLANG_WARN_OBJC_LITERAL_CONVERSION = YES;
				CLANG_WARN_OBJC_ROOT_CLASS = YES_ERROR;
				CLANG_WARN_QUOTED_INCLUDE_IN_FRAMEWORK_HEADER = YES;
				CLANG_WARN_RANGE_LOOP_ANALYSIS = YES;
				CLANG_WARN_STRICT_PROTOTYPES = YES;
				CLANG_WARN_SUSPICIOUS_MOVE = YES;
				CLANG_WARN_UNGUARDED_AVAILABILITY = YES_AGGRESSIVE;
				CLANG_WARN_UNREACHABLE_CODE = YES;
				CLANG_WARN__DUPLICATE_METHOD_MATCH = YES;
				COPY_PHASE_STRIP = NO;
				DEBUG_INFORMATION_FORMAT = "dwarf-with-dsym";
				ENABLE_NS_ASSERTIONS = NO;
				ENABLE_STRICT_OBJC_MSGSEND = YES;
				GCC_C_LANGUAGE_STANDARD = gnu11;
				GCC_NO_COMMON_BLOCKS = YES;
				GCC_WARN_64_TO_32_BIT_CONVERSION = YES;
				GCC_WARN_ABOUT_RETURN_TYPE = YES_ERROR;
				GCC_WARN_UNDECLARED_SELECTOR = YES;
				GCC_WARN_UNINITIALIZED_AUTOS = YES_AGGRESSIVE;
				GCC_WARN_UNUSED_FUNCTION = YES;
				GCC_WARN_UNUSED_VARIABLE = YES;
				IPHONEOS_DEPLOYMENT_TARGET = 16.2;
				MTL_ENABLE_DEBUG_INFO = NO;
				MTL_FAST_MATH = YES;
				SDKROOT = iphoneos;
				SWIFT_COMPILATION_MODE = wholemodule;
				SWIFT_OPTIMIZATION_LEVEL = "-O";
				VALIDATE_PRODUCT = YES;
			};
			name = Release;
		};
		022D42EB29CE69C6000F71B1 /* Debug */ = {
			isa = XCBuildConfiguration;
			buildSettings = {
				ALWAYS_EMBED_SWIFT_STANDARD_LIBRARIES = YES;
				ASSETCATALOG_COMPILER_APPICON_NAME = AppIcon;
				ASSETCATALOG_COMPILER_GLOBAL_ACCENT_COLOR_NAME = AccentColor;
				ASSETCATALOG_COMPILER_INCLUDE_ALL_APPICON_ASSETS = NO;
				CODE_SIGN_ENTITLEMENTS = hayatar/hayatar.entitlements;
				CODE_SIGN_STYLE = Automatic;
				CURRENT_PROJECT_VERSION = 28;
				DEVELOPMENT_ASSET_PATHS = "\"hayatar/Preview Content\"";
				DEVELOPMENT_TEAM = 82MV322Q6H;
				ENABLE_PREVIEWS = YES;
				GENERATE_INFOPLIST_FILE = YES;
				INFOPLIST_FILE = hayatar/Info.plist;
				INFOPLIST_KEY_CFBundleDisplayName = fArmenian;
				INFOPLIST_KEY_LSApplicationCategoryType = "public.app-category.utilities";
				INFOPLIST_KEY_UIApplicationSceneManifest_Generation = YES;
				INFOPLIST_KEY_UIApplicationSupportsIndirectInputEvents = YES;
				INFOPLIST_KEY_UILaunchScreen_Generation = YES;
				INFOPLIST_KEY_UISupportedInterfaceOrientations = "UIInterfaceOrientationLandscapeLeft UIInterfaceOrientationLandscapeRight UIInterfaceOrientationPortrait";
				INFOPLIST_KEY_UISupportedInterfaceOrientations_iPad = "UIInterfaceOrientationLandscapeLeft UIInterfaceOrientationLandscapeRight UIInterfaceOrientationPortrait UIInterfaceOrientationPortraitUpsideDown";
				LD_RUNPATH_SEARCH_PATHS = (
					"$(inherited)",
					"@executable_path/Frameworks",
				);
				MARKETING_VERSION = 1.0;
				PRODUCT_BUNDLE_IDENTIFIER = dev.fperson.hayatar;
				PRODUCT_NAME = "$(TARGET_NAME)";
				SUPPORTED_PLATFORMS = "iphoneos iphonesimulator";
				SUPPORTS_MACCATALYST = NO;
				SUPPORTS_MAC_DESIGNED_FOR_IPHONE_IPAD = NO;
				SWIFT_EMIT_LOC_STRINGS = YES;
				SWIFT_VERSION = 5.0;
				TARGETED_DEVICE_FAMILY = "1,2";
			};
			name = Debug;
		};
		022D42EC29CE69C6000F71B1 /* Release */ = {
			isa = XCBuildConfiguration;
			buildSettings = {
				ALWAYS_EMBED_SWIFT_STANDARD_LIBRARIES = YES;
				ASSETCATALOG_COMPILER_APPICON_NAME = AppIcon;
				ASSETCATALOG_COMPILER_GLOBAL_ACCENT_COLOR_NAME = AccentColor;
				ASSETCATALOG_COMPILER_INCLUDE_ALL_APPICON_ASSETS = NO;
				CODE_SIGN_ENTITLEMENTS = hayatar/hayatar.entitlements;
				CODE_SIGN_STYLE = Automatic;
				CURRENT_PROJECT_VERSION = 28;
				DEVELOPMENT_ASSET_PATHS = "\"hayatar/Preview Content\"";
				DEVELOPMENT_TEAM = 82MV322Q6H;
				ENABLE_PREVIEWS = YES;
				GENERATE_INFOPLIST_FILE = YES;
				INFOPLIST_FILE = hayatar/Info.plist;
				INFOPLIST_KEY_CFBundleDisplayName = fArmenian;
				INFOPLIST_KEY_LSApplicationCategoryType = "public.app-category.utilities";
				INFOPLIST_KEY_UIApplicationSceneManifest_Generation = YES;
				INFOPLIST_KEY_UIApplicationSupportsIndirectInputEvents = YES;
				INFOPLIST_KEY_UILaunchScreen_Generation = YES;
				INFOPLIST_KEY_UISupportedInterfaceOrientations = "UIInterfaceOrientationLandscapeLeft UIInterfaceOrientationLandscapeRight UIInterfaceOrientationPortrait";
				INFOPLIST_KEY_UISupportedInterfaceOrientations_iPad = "UIInterfaceOrientationLandscapeLeft UIInterfaceOrientationLandscapeRight UIInterfaceOrientationPortrait UIInterfaceOrientationPortraitUpsideDown";
				LD_RUNPATH_SEARCH_PATHS = (
					"$(inherited)",
					"@executable_path/Frameworks",
				);
				MARKETING_VERSION = 1.0;
				PRODUCT_BUNDLE_IDENTIFIER = dev.fperson.hayatar;
				PRODUCT_NAME = "$(TARGET_NAME)";
				SUPPORTED_PLATFORMS = "iphoneos iphonesimulator";
				SUPPORTS_MACCATALYST = NO;
				SUPPORTS_MAC_DESIGNED_FOR_IPHONE_IPAD = NO;
				SWIFT_EMIT_LOC_STRINGS = YES;
				SWIFT_VERSION = 5.0;
				TARGETED_DEVICE_FAMILY = "1,2";
			};
			name = Release;
		};
		022D42FA29CE6A3A000F71B1 /* Debug */ = {
			isa = XCBuildConfiguration;
			buildSettings = {
				CLANG_ENABLE_MODULES = YES;
				CODE_SIGN_ENTITLEMENTS = Armenian/Armenian.entitlements;
				CODE_SIGN_STYLE = Automatic;
				CURRENT_PROJECT_VERSION = 28;
				DEVELOPMENT_TEAM = 82MV322Q6H;
				GENERATE_INFOPLIST_FILE = YES;
				INFOPLIST_FILE = Armenian/Info.plist;
				INFOPLIST_KEY_CFBundleDisplayName = Armenian;
				INFOPLIST_KEY_NSHumanReadableCopyright = "";
				LD_RUNPATH_SEARCH_PATHS = (
					"$(inherited)",
					"@executable_path/Frameworks",
					"@executable_path/../../Frameworks",
				);
				MARKETING_VERSION = 1.0;
				PRODUCT_BUNDLE_IDENTIFIER = dev.fperson.hayatar.Armenian;
				PRODUCT_NAME = "$(TARGET_NAME)";
				SKIP_INSTALL = YES;
				SWIFT_EMIT_LOC_STRINGS = YES;
				SWIFT_OBJC_BRIDGING_HEADER = "Armenian/Hunspell/Armenian-Bridging-Header.h";
				SWIFT_OPTIMIZATION_LEVEL = "-Onone";
				SWIFT_VERSION = 5.0;
				TARGETED_DEVICE_FAMILY = "1,2";
			};
			name = Debug;
		};
		022D42FB29CE6A3A000F71B1 /* Release */ = {
			isa = XCBuildConfiguration;
			buildSettings = {
				CLANG_ENABLE_MODULES = YES;
				CODE_SIGN_ENTITLEMENTS = Armenian/Armenian.entitlements;
				CODE_SIGN_STYLE = Automatic;
				CURRENT_PROJECT_VERSION = 28;
				DEVELOPMENT_TEAM = 82MV322Q6H;
				GENERATE_INFOPLIST_FILE = YES;
				INFOPLIST_FILE = Armenian/Info.plist;
				INFOPLIST_KEY_CFBundleDisplayName = Armenian;
				INFOPLIST_KEY_NSHumanReadableCopyright = "";
				LD_RUNPATH_SEARCH_PATHS = (
					"$(inherited)",
					"@executable_path/Frameworks",
					"@executable_path/../../Frameworks",
				);
				MARKETING_VERSION = 1.0;
				PRODUCT_BUNDLE_IDENTIFIER = dev.fperson.hayatar.Armenian;
				PRODUCT_NAME = "$(TARGET_NAME)";
				SKIP_INSTALL = YES;
				SWIFT_EMIT_LOC_STRINGS = YES;
				SWIFT_OBJC_BRIDGING_HEADER = "Armenian/Hunspell/Armenian-Bridging-Header.h";
				SWIFT_VERSION = 5.0;
				TARGETED_DEVICE_FAMILY = "1,2";
			};
			name = Release;
		};
		02485AB229DFABCE00244E8F /* Debug */ = {
			isa = XCBuildConfiguration;
			buildSettings = {
				APPLICATION_EXTENSION_API_ONLY = YES;
				CLANG_ENABLE_MODULES = YES;
				CODE_SIGN_STYLE = Automatic;
				CURRENT_PROJECT_VERSION = 1;
				DEFINES_MODULE = YES;
				DEVELOPMENT_TEAM = 82MV322Q6H;
				DYLIB_COMPATIBILITY_VERSION = 1;
				DYLIB_CURRENT_VERSION = 1;
				DYLIB_INSTALL_NAME_BASE = "@rpath";
				ENABLE_MODULE_VERIFIER = YES;
				GENERATE_INFOPLIST_FILE = YES;
				INFOPLIST_KEY_NSHumanReadableCopyright = "";
				INSTALL_PATH = "$(LOCAL_LIBRARY_DIR)/Frameworks";
				IPHONEOS_DEPLOYMENT_TARGET = 16.2;
				LD_RUNPATH_SEARCH_PATHS = (
					"$(inherited)",
					"@executable_path/Frameworks",
					"@loader_path/Frameworks",
				);
				MARKETING_VERSION = 1.0;
				MODULE_VERIFIER_SUPPORTED_LANGUAGES = "objective-c objective-c++";
				MODULE_VERIFIER_SUPPORTED_LANGUAGE_STANDARDS = "gnu11 gnu++20";
				PRODUCT_BUNDLE_IDENTIFIER = dev.fperson.SharedDefaults;
				PRODUCT_NAME = "$(TARGET_NAME:c99extidentifier)";
				SKIP_INSTALL = YES;
				SWIFT_EMIT_LOC_STRINGS = YES;
				SWIFT_OPTIMIZATION_LEVEL = "-Onone";
				SWIFT_VERSION = 5.0;
				TARGETED_DEVICE_FAMILY = "1,2";
				VERSIONING_SYSTEM = "apple-generic";
				VERSION_INFO_PREFIX = "";
			};
			name = Debug;
		};
		02485AB329DFABCE00244E8F /* Release */ = {
			isa = XCBuildConfiguration;
			buildSettings = {
				APPLICATION_EXTENSION_API_ONLY = YES;
				CLANG_ENABLE_MODULES = YES;
				CODE_SIGN_STYLE = Automatic;
				CURRENT_PROJECT_VERSION = 1;
				DEFINES_MODULE = YES;
				DEVELOPMENT_TEAM = 82MV322Q6H;
				DYLIB_COMPATIBILITY_VERSION = 1;
				DYLIB_CURRENT_VERSION = 1;
				DYLIB_INSTALL_NAME_BASE = "@rpath";
				ENABLE_MODULE_VERIFIER = YES;
				GENERATE_INFOPLIST_FILE = YES;
				INFOPLIST_KEY_NSHumanReadableCopyright = "";
				INSTALL_PATH = "$(LOCAL_LIBRARY_DIR)/Frameworks";
				IPHONEOS_DEPLOYMENT_TARGET = 16.2;
				LD_RUNPATH_SEARCH_PATHS = (
					"$(inherited)",
					"@executable_path/Frameworks",
					"@loader_path/Frameworks",
				);
				MARKETING_VERSION = 1.0;
				MODULE_VERIFIER_SUPPORTED_LANGUAGES = "objective-c objective-c++";
				MODULE_VERIFIER_SUPPORTED_LANGUAGE_STANDARDS = "gnu11 gnu++20";
				PRODUCT_BUNDLE_IDENTIFIER = dev.fperson.SharedDefaults;
				PRODUCT_NAME = "$(TARGET_NAME:c99extidentifier)";
				SKIP_INSTALL = YES;
				SWIFT_EMIT_LOC_STRINGS = YES;
				SWIFT_VERSION = 5.0;
				TARGETED_DEVICE_FAMILY = "1,2";
				VERSIONING_SYSTEM = "apple-generic";
				VERSION_INFO_PREFIX = "";
			};
			name = Release;
		};
/* End XCBuildConfiguration section */

/* Begin XCConfigurationList section */
		022D42D729CE69C5000F71B1 /* Build configuration list for PBXProject "hayatar" */ = {
			isa = XCConfigurationList;
			buildConfigurations = (
				022D42E829CE69C6000F71B1 /* Debug */,
				022D42E929CE69C6000F71B1 /* Release */,
			);
			defaultConfigurationIsVisible = 0;
			defaultConfigurationName = Release;
		};
		022D42EA29CE69C6000F71B1 /* Build configuration list for PBXNativeTarget "hayatar" */ = {
			isa = XCConfigurationList;
			buildConfigurations = (
				022D42EB29CE69C6000F71B1 /* Debug */,
				022D42EC29CE69C6000F71B1 /* Release */,
			);
			defaultConfigurationIsVisible = 0;
			defaultConfigurationName = Release;
		};
		022D42F929CE6A3A000F71B1 /* Build configuration list for PBXNativeTarget "Armenian" */ = {
			isa = XCConfigurationList;
			buildConfigurations = (
				022D42FA29CE6A3A000F71B1 /* Debug */,
				022D42FB29CE6A3A000F71B1 /* Release */,
			);
			defaultConfigurationIsVisible = 0;
			defaultConfigurationName = Release;
		};
		02485AB429DFABCE00244E8F /* Build configuration list for PBXNativeTarget "SharedDefaults" */ = {
			isa = XCConfigurationList;
			buildConfigurations = (
				02485AB229DFABCE00244E8F /* Debug */,
				02485AB329DFABCE00244E8F /* Release */,
			);
			defaultConfigurationIsVisible = 0;
			defaultConfigurationName = Release;
		};
/* End XCConfigurationList section */

/* Begin XCRemoteSwiftPackageReference section */
		022D42FD29CE6DED000F71B1 /* XCRemoteSwiftPackageReference "KeyboardKit" */ = {
			isa = XCRemoteSwiftPackageReference;
			repositoryURL = "https://github.com/KeyboardKit/KeyboardKit.git";
			requirement = {
				kind = upToNextMajorVersion;
				minimumVersion = 7.0.0;
			};
		};
/* End XCRemoteSwiftPackageReference section */

/* Begin XCSwiftPackageProductDependency section */
		022D42FE29CE6DED000F71B1 /* KeyboardKit */ = {
			isa = XCSwiftPackageProductDependency;
			package = 022D42FD29CE6DED000F71B1 /* XCRemoteSwiftPackageReference "KeyboardKit" */;
			productName = KeyboardKit;
		};
/* End XCSwiftPackageProductDependency section */
	};
	rootObject = 022D42D429CE69C5000F71B1 /* Project object */;
}
