{
  "pins" : [
    {
      "identity" : "keyboardkit",
      "kind" : "remoteSourceControl",
      "location" : "https://github.com/KeyboardKit/KeyboardKit.git",
      "state" : {
        "revision" : "95b6ed1e8d690e6ee61cd9681a7f4b820aaf0977",
        "version" : "7.4.0"
      }
    }
  ],
  "version" : 2
}
