{
  "pins" : [
    {
      "identity" : "keyboardkit",
      "kind" : "remoteSourceControl",
      "location" : "https://github.com/KeyboardKit/KeyboardKit.git",
      "state" : {
        "revision" : "fa4a53389e7981954c42a02699ea0afa0ae4f8ba",
        "version" : "7.2.0"
      }
    }
  ],
  "version" : 2
}
